
Microsoft Visual Studio Solution File, Format Version 12.00
# Visual Studio 14
VisualStudioVersion = 15.0.25608.2
MinimumVisualStudioVersion = 10.0.40219.1
Project("{FAE04EC0-301F-11D3-BF4B-00C04F79EFBC}") = "Zeroconf.RT", "Zeroconf.RT\Zeroconf.RT.csproj", "{B3534F12-4701-4193-83EE-FAD2C4F9A629}"
EndProject
Project("{FAE04EC0-301F-11D3-BF4B-00C04F79EFBC}") = "ZeroconfTest.RT", "ZeroconfTest.RT\ZeroconfTest.RT.csproj", "{98FDD85C-97C5-4C49-9CFD-E17498F194DB}"
EndProject
Project("{FAE04EC0-301F-11D3-BF4B-00C04F79EFBC}") = "Zeroconf.WP", "Zeroconf.WP\Zeroconf.WP.csproj", "{71071865-9DCE-472E-A8B3-D9D44C5CF23F}"
EndProject
Project("{FAE04EC0-301F-11D3-BF4B-00C04F79EFBC}") = "ZeroconfTest.WP", "ZeroconfTest.WP\ZeroconfTest.WP.csproj", "{659B4C97-FDF2-4311-ACE8-14504036C4D6}"
EndProject
Project("{FAE04EC0-301F-11D3-BF4B-00C04F79EFBC}") = "Zeroconf.NetFx", "Zeroconf.NetFx\Zeroconf.NetFx.csproj", "{23079F74-51A5-4441-AF92-559780095AA4}"
EndProject
Project("{FAE04EC0-301F-11D3-BF4B-00C04F79EFBC}") = "ZeroconfTest.NetFx", "ZeroconfTest.NetFx\ZeroconfTest.NetFx.csproj", "{E1424569-4A10-4164-A99B-A3EBC7AFD469}"
EndProject
Project("{2150E333-8FDC-42A3-9474-1A3956D46DE8}") = "Solution Items", "Solution Items", "{48990F96-480D-4AAF-BBC2-FF765251DABE}"
	ProjectSection(SolutionItems) = preProject
		README.md = README.md
		nuget\Zeroconf.nuspec = nuget\Zeroconf.nuspec
	EndProjectSection
EndProject
Project("{FAE04EC0-301F-11D3-BF4B-00C04F79EFBC}") = "Zeroconf", "Zeroconf\Zeroconf.csproj", "{5EA8CE38-6134-4263-9292-8798C7585622}"
EndProject
Project("{2150E333-8FDC-42A3-9474-1A3956D46DE8}") = "Test Apps", "Test Apps", "{3E523ACF-A6BA-4087-A736-5120415898BA}"
EndProject
Project("{D954291E-2A0B-460D-934E-DC6B0785DB48}") = "Zeroconf.Shared", "Zeroconf.Shared\Zeroconf.Shared.shproj", "{E3969C40-4EE6-4B48-B7C8-A84D937A0127}"
EndProject
Project("{FAE04EC0-301F-11D3-BF4B-00C04F79EFBC}") = "ZeroconfTest.Xam", "ZeroconfTest.Xamarin\ZeroconfTest.Xamarin\ZeroconfTest.Xam.csproj", "{A279A26E-E98C-432F-AE6A-CDCD57FE188D}"
EndProject
Project("{FAE04EC0-301F-11D3-BF4B-00C04F79EFBC}") = "ZeroconfTest.Xam.iOS", "ZeroconfTest.Xamarin\ZeroconfTest.Xamarin.iOS\ZeroconfTest.Xam.iOS.csproj", "{2CF5FA8C-4A53-4DF2-BBB4-44003D8BF9CF}"
EndProject
Project("{FAE04EC0-301F-11D3-BF4B-00C04F79EFBC}") = "ZeroconfTest.Xam.Android", "ZeroconfTest.Xamarin\ZeroconfTest.Xamarin.Android\ZeroconfTest.Xam.Android.csproj", "{E4F5ED14-322F-4D88-870C-1F5D3F4E0820}"
EndProject
Project("{FAE04EC0-301F-11D3-BF4B-00C04F79EFBC}") = "Zeroconf.DotNetCore", "Zeroconf.DotNetCore\Zeroconf.DotNetCore.csproj", "{982A1EE8-900E-435A-B27E-5A779A693651}"
EndProject
Project("{FAE04EC0-301F-11D3-BF4B-00C04F79EFBC}") = "ZeroconfTest.UWP", "ZeroconfTest.UWP\ZeroconfTest.UWP.csproj", "{82EF02F7-621D-48F2-BEA8-59146AA081CA}"
EndProject
Project("{FAE04EC0-301F-11D3-BF4B-00C04F79EFBC}") = "Zeroconf.UWP", "Zeroconf.UWP\Zeroconf.UWP.csproj", "{A748D857-E221-42A2-9DC6-C2599D351E90}"
EndProject
Global
	GlobalSection(SharedMSBuildProjectFiles) = preSolution
		Zeroconf.Shared\Zeroconf.Shared.projitems*{23079f74-51a5-4441-af92-559780095aa4}*SharedItemsImports = 4
		Zeroconf.Shared\Zeroconf.Shared.projitems*{5ea8ce38-6134-4263-9292-8798c7585622}*SharedItemsImports = 4
		Zeroconf.Shared\Zeroconf.Shared.projitems*{71071865-9dce-472e-a8b3-d9d44c5cf23f}*SharedItemsImports = 4
		Zeroconf.Shared\Zeroconf.Shared.projitems*{982a1ee8-900e-435a-b27e-5a779a693651}*SharedItemsImports = 4
		Zeroconf.Shared\Zeroconf.Shared.projitems*{a748d857-e221-42a2-9dc6-c2599d351e90}*SharedItemsImports = 4
		Zeroconf.Shared\Zeroconf.Shared.projitems*{b3534f12-4701-4193-83ee-fad2c4f9a629}*SharedItemsImports = 4
		Zeroconf.Shared\Zeroconf.Shared.projitems*{e3969c40-4ee6-4b48-b7c8-a84d937a0127}*SharedItemsImports = 13
	EndGlobalSection
	GlobalSection(SolutionConfigurationPlatforms) = preSolution
		Ad-Hoc|Any CPU = Ad-Hoc|Any CPU
		Ad-Hoc|ARM = Ad-Hoc|ARM
		Ad-Hoc|iPhone = Ad-Hoc|iPhone
		Ad-Hoc|iPhoneSimulator = Ad-Hoc|iPhoneSimulator
		Ad-Hoc|Mixed Platforms = Ad-Hoc|Mixed Platforms
		Ad-Hoc|x64 = Ad-Hoc|x64
		Ad-Hoc|x86 = Ad-Hoc|x86
		AppStore|Any CPU = AppStore|Any CPU
		AppStore|ARM = AppStore|ARM
		AppStore|iPhone = AppStore|iPhone
		AppStore|iPhoneSimulator = AppStore|iPhoneSimulator
		AppStore|Mixed Platforms = AppStore|Mixed Platforms
		AppStore|x64 = AppStore|x64
		AppStore|x86 = AppStore|x86
		Debug|Any CPU = Debug|Any CPU
		Debug|ARM = Debug|ARM
		Debug|iPhone = Debug|iPhone
		Debug|iPhoneSimulator = Debug|iPhoneSimulator
		Debug|Mixed Platforms = Debug|Mixed Platforms
		Debug|x64 = Debug|x64
		Debug|x86 = Debug|x86
		Release|Any CPU = Release|Any CPU
		Release|ARM = Release|ARM
		Release|iPhone = Release|iPhone
		Release|iPhoneSimulator = Release|iPhoneSimulator
		Release|Mixed Platforms = Release|Mixed Platforms
		Release|x64 = Release|x64
		Release|x86 = Release|x86
	EndGlobalSection
	GlobalSection(ProjectConfigurationPlatforms) = postSolution
		{B3534F12-4701-4193-83EE-FAD2C4F9A629}.Ad-Hoc|Any CPU.ActiveCfg = Release|Any CPU
		{B3534F12-4701-4193-83EE-FAD2C4F9A629}.Ad-Hoc|Any CPU.Build.0 = Release|Any CPU
		{B3534F12-4701-4193-83EE-FAD2C4F9A629}.Ad-Hoc|ARM.ActiveCfg = Release|ARM
		{B3534F12-4701-4193-83EE-FAD2C4F9A629}.Ad-Hoc|ARM.Build.0 = Release|ARM
		{B3534F12-4701-4193-83EE-FAD2C4F9A629}.Ad-Hoc|iPhone.ActiveCfg = Release|Any CPU
		{B3534F12-4701-4193-83EE-FAD2C4F9A629}.Ad-Hoc|iPhoneSimulator.ActiveCfg = Release|Any CPU
		{B3534F12-4701-4193-83EE-FAD2C4F9A629}.Ad-Hoc|Mixed Platforms.ActiveCfg = Release|x86
		{B3534F12-4701-4193-83EE-FAD2C4F9A629}.Ad-Hoc|Mixed Platforms.Build.0 = Release|x86
		{B3534F12-4701-4193-83EE-FAD2C4F9A629}.Ad-Hoc|x64.ActiveCfg = Release|x64
		{B3534F12-4701-4193-83EE-FAD2C4F9A629}.Ad-Hoc|x64.Build.0 = Release|x64
		{B3534F12-4701-4193-83EE-FAD2C4F9A629}.Ad-Hoc|x86.ActiveCfg = Release|x86
		{B3534F12-4701-4193-83EE-FAD2C4F9A629}.Ad-Hoc|x86.Build.0 = Release|x86
		{B3534F12-4701-4193-83EE-FAD2C4F9A629}.AppStore|Any CPU.ActiveCfg = Release|Any CPU
		{B3534F12-4701-4193-83EE-FAD2C4F9A629}.AppStore|Any CPU.Build.0 = Release|Any CPU
		{B3534F12-4701-4193-83EE-FAD2C4F9A629}.AppStore|ARM.ActiveCfg = Release|ARM
		{B3534F12-4701-4193-83EE-FAD2C4F9A629}.AppStore|ARM.Build.0 = Release|ARM
		{B3534F12-4701-4193-83EE-FAD2C4F9A629}.AppStore|iPhone.ActiveCfg = Release|Any CPU
		{B3534F12-4701-4193-83EE-FAD2C4F9A629}.AppStore|iPhoneSimulator.ActiveCfg = Release|Any CPU
		{B3534F12-4701-4193-83EE-FAD2C4F9A629}.AppStore|Mixed Platforms.ActiveCfg = Release|x86
		{B3534F12-4701-4193-83EE-FAD2C4F9A629}.AppStore|Mixed Platforms.Build.0 = Release|x86
		{B3534F12-4701-4193-83EE-FAD2C4F9A629}.AppStore|x64.ActiveCfg = Release|x64
		{B3534F12-4701-4193-83EE-FAD2C4F9A629}.AppStore|x64.Build.0 = Release|x64
		{B3534F12-4701-4193-83EE-FAD2C4F9A629}.AppStore|x86.ActiveCfg = Release|x86
		{B3534F12-4701-4193-83EE-FAD2C4F9A629}.AppStore|x86.Build.0 = Release|x86
		{B3534F12-4701-4193-83EE-FAD2C4F9A629}.Debug|Any CPU.ActiveCfg = Debug|Any CPU
		{B3534F12-4701-4193-83EE-FAD2C4F9A629}.Debug|Any CPU.Build.0 = Debug|Any CPU
		{B3534F12-4701-4193-83EE-FAD2C4F9A629}.Debug|ARM.ActiveCfg = Debug|ARM
		{B3534F12-4701-4193-83EE-FAD2C4F9A629}.Debug|ARM.Build.0 = Debug|ARM
		{B3534F12-4701-4193-83EE-FAD2C4F9A629}.Debug|iPhone.ActiveCfg = Debug|Any CPU
		{B3534F12-4701-4193-83EE-FAD2C4F9A629}.Debug|iPhoneSimulator.ActiveCfg = Debug|Any CPU
		{B3534F12-4701-4193-83EE-FAD2C4F9A629}.Debug|Mixed Platforms.ActiveCfg = Debug|x86
		{B3534F12-4701-4193-83EE-FAD2C4F9A629}.Debug|Mixed Platforms.Build.0 = Debug|x86
		{B3534F12-4701-4193-83EE-FAD2C4F9A629}.Debug|x64.ActiveCfg = Debug|x64
		{B3534F12-4701-4193-83EE-FAD2C4F9A629}.Debug|x64.Build.0 = Debug|x64
		{B3534F12-4701-4193-83EE-FAD2C4F9A629}.Debug|x86.ActiveCfg = Debug|x86
		{B3534F12-4701-4193-83EE-FAD2C4F9A629}.Debug|x86.Build.0 = Debug|x86
		{B3534F12-4701-4193-83EE-FAD2C4F9A629}.Release|Any CPU.ActiveCfg = Release|Any CPU
		{B3534F12-4701-4193-83EE-FAD2C4F9A629}.Release|Any CPU.Build.0 = Release|Any CPU
		{B3534F12-4701-4193-83EE-FAD2C4F9A629}.Release|ARM.ActiveCfg = Release|ARM
		{B3534F12-4701-4193-83EE-FAD2C4F9A629}.Release|ARM.Build.0 = Release|ARM
		{B3534F12-4701-4193-83EE-FAD2C4F9A629}.Release|iPhone.ActiveCfg = Release|Any CPU
		{B3534F12-4701-4193-83EE-FAD2C4F9A629}.Release|iPhoneSimulator.ActiveCfg = Release|Any CPU
		{B3534F12-4701-4193-83EE-FAD2C4F9A629}.Release|Mixed Platforms.ActiveCfg = Release|Any CPU
		{B3534F12-4701-4193-83EE-FAD2C4F9A629}.Release|Mixed Platforms.Build.0 = Release|Any CPU
		{B3534F12-4701-4193-83EE-FAD2C4F9A629}.Release|x64.ActiveCfg = Release|x64
		{B3534F12-4701-4193-83EE-FAD2C4F9A629}.Release|x64.Build.0 = Release|x64
		{B3534F12-4701-4193-83EE-FAD2C4F9A629}.Release|x86.ActiveCfg = Release|x86
		{B3534F12-4701-4193-83EE-FAD2C4F9A629}.Release|x86.Build.0 = Release|x86
		{98FDD85C-97C5-4C49-9CFD-E17498F194DB}.Ad-Hoc|Any CPU.ActiveCfg = Release|Any CPU
		{98FDD85C-97C5-4C49-9CFD-E17498F194DB}.Ad-Hoc|Any CPU.Build.0 = Release|Any CPU
		{98FDD85C-97C5-4C49-9CFD-E17498F194DB}.Ad-Hoc|Any CPU.Deploy.0 = Release|Any CPU
		{98FDD85C-97C5-4C49-9CFD-E17498F194DB}.Ad-Hoc|ARM.ActiveCfg = Release|ARM
		{98FDD85C-97C5-4C49-9CFD-E17498F194DB}.Ad-Hoc|ARM.Build.0 = Release|ARM
		{98FDD85C-97C5-4C49-9CFD-E17498F194DB}.Ad-Hoc|ARM.Deploy.0 = Release|ARM
		{98FDD85C-97C5-4C49-9CFD-E17498F194DB}.Ad-Hoc|iPhone.ActiveCfg = Release|Any CPU
		{98FDD85C-97C5-4C49-9CFD-E17498F194DB}.Ad-Hoc|iPhoneSimulator.ActiveCfg = Release|Any CPU
		{98FDD85C-97C5-4C49-9CFD-E17498F194DB}.Ad-Hoc|Mixed Platforms.ActiveCfg = Release|x86
		{98FDD85C-97C5-4C49-9CFD-E17498F194DB}.Ad-Hoc|Mixed Platforms.Build.0 = Release|x86
		{98FDD85C-97C5-4C49-9CFD-E17498F194DB}.Ad-Hoc|Mixed Platforms.Deploy.0 = Release|x86
		{98FDD85C-97C5-4C49-9CFD-E17498F194DB}.Ad-Hoc|x64.ActiveCfg = Release|x64
		{98FDD85C-97C5-4C49-9CFD-E17498F194DB}.Ad-Hoc|x64.Build.0 = Release|x64
		{98FDD85C-97C5-4C49-9CFD-E17498F194DB}.Ad-Hoc|x64.Deploy.0 = Release|x64
		{98FDD85C-97C5-4C49-9CFD-E17498F194DB}.Ad-Hoc|x86.ActiveCfg = Release|x86
		{98FDD85C-97C5-4C49-9CFD-E17498F194DB}.Ad-Hoc|x86.Build.0 = Release|x86
		{98FDD85C-97C5-4C49-9CFD-E17498F194DB}.Ad-Hoc|x86.Deploy.0 = Release|x86
		{98FDD85C-97C5-4C49-9CFD-E17498F194DB}.AppStore|Any CPU.ActiveCfg = Release|Any CPU
		{98FDD85C-97C5-4C49-9CFD-E17498F194DB}.AppStore|Any CPU.Build.0 = Release|Any CPU
		{98FDD85C-97C5-4C49-9CFD-E17498F194DB}.AppStore|Any CPU.Deploy.0 = Release|Any CPU
		{98FDD85C-97C5-4C49-9CFD-E17498F194DB}.AppStore|ARM.ActiveCfg = Release|ARM
		{98FDD85C-97C5-4C49-9CFD-E17498F194DB}.AppStore|ARM.Build.0 = Release|ARM
		{98FDD85C-97C5-4C49-9CFD-E17498F194DB}.AppStore|ARM.Deploy.0 = Release|ARM
		{98FDD85C-97C5-4C49-9CFD-E17498F194DB}.AppStore|iPhone.ActiveCfg = Release|Any CPU
		{98FDD85C-97C5-4C49-9CFD-E17498F194DB}.AppStore|iPhoneSimulator.ActiveCfg = Release|Any CPU
		{98FDD85C-97C5-4C49-9CFD-E17498F194DB}.AppStore|Mixed Platforms.ActiveCfg = Release|x86
		{98FDD85C-97C5-4C49-9CFD-E17498F194DB}.AppStore|Mixed Platforms.Build.0 = Release|x86
		{98FDD85C-97C5-4C49-9CFD-E17498F194DB}.AppStore|Mixed Platforms.Deploy.0 = Release|x86
		{98FDD85C-97C5-4C49-9CFD-E17498F194DB}.AppStore|x64.ActiveCfg = Release|x64
		{98FDD85C-97C5-4C49-9CFD-E17498F194DB}.AppStore|x64.Build.0 = Release|x64
		{98FDD85C-97C5-4C49-9CFD-E17498F194DB}.AppStore|x64.Deploy.0 = Release|x64
		{98FDD85C-97C5-4C49-9CFD-E17498F194DB}.AppStore|x86.ActiveCfg = Release|x86
		{98FDD85C-97C5-4C49-9CFD-E17498F194DB}.AppStore|x86.Build.0 = Release|x86
		{98FDD85C-97C5-4C49-9CFD-E17498F194DB}.AppStore|x86.Deploy.0 = Release|x86
		{98FDD85C-97C5-4C49-9CFD-E17498F194DB}.Debug|Any CPU.ActiveCfg = Debug|Any CPU
		{98FDD85C-97C5-4C49-9CFD-E17498F194DB}.Debug|Any CPU.Build.0 = Debug|Any CPU
		{98FDD85C-97C5-4C49-9CFD-E17498F194DB}.Debug|Any CPU.Deploy.0 = Debug|Any CPU
		{98FDD85C-97C5-4C49-9CFD-E17498F194DB}.Debug|ARM.ActiveCfg = Debug|ARM
		{98FDD85C-97C5-4C49-9CFD-E17498F194DB}.Debug|ARM.Build.0 = Debug|ARM
		{98FDD85C-97C5-4C49-9CFD-E17498F194DB}.Debug|ARM.Deploy.0 = Debug|ARM
		{98FDD85C-97C5-4C49-9CFD-E17498F194DB}.Debug|iPhone.ActiveCfg = Debug|Any CPU
		{98FDD85C-97C5-4C49-9CFD-E17498F194DB}.Debug|iPhoneSimulator.ActiveCfg = Debug|Any CPU
		{98FDD85C-97C5-4C49-9CFD-E17498F194DB}.Debug|Mixed Platforms.ActiveCfg = Debug|x86
		{98FDD85C-97C5-4C49-9CFD-E17498F194DB}.Debug|Mixed Platforms.Build.0 = Debug|x86
		{98FDD85C-97C5-4C49-9CFD-E17498F194DB}.Debug|Mixed Platforms.Deploy.0 = Debug|x86
		{98FDD85C-97C5-4C49-9CFD-E17498F194DB}.Debug|x64.ActiveCfg = Debug|x64
		{98FDD85C-97C5-4C49-9CFD-E17498F194DB}.Debug|x64.Build.0 = Debug|x64
		{98FDD85C-97C5-4C49-9CFD-E17498F194DB}.Debug|x64.Deploy.0 = Debug|x64
		{98FDD85C-97C5-4C49-9CFD-E17498F194DB}.Debug|x86.ActiveCfg = Debug|x86
		{98FDD85C-97C5-4C49-9CFD-E17498F194DB}.Debug|x86.Build.0 = Debug|x86
		{98FDD85C-97C5-4C49-9CFD-E17498F194DB}.Debug|x86.Deploy.0 = Debug|x86
		{98FDD85C-97C5-4C49-9CFD-E17498F194DB}.Release|Any CPU.ActiveCfg = Release|Any CPU
		{98FDD85C-97C5-4C49-9CFD-E17498F194DB}.Release|Any CPU.Build.0 = Release|Any CPU
		{98FDD85C-97C5-4C49-9CFD-E17498F194DB}.Release|Any CPU.Deploy.0 = Release|Any CPU
		{98FDD85C-97C5-4C49-9CFD-E17498F194DB}.Release|ARM.ActiveCfg = Release|ARM
		{98FDD85C-97C5-4C49-9CFD-E17498F194DB}.Release|ARM.Build.0 = Release|ARM
		{98FDD85C-97C5-4C49-9CFD-E17498F194DB}.Release|ARM.Deploy.0 = Release|ARM
		{98FDD85C-97C5-4C49-9CFD-E17498F194DB}.Release|iPhone.ActiveCfg = Release|Any CPU
		{98FDD85C-97C5-4C49-9CFD-E17498F194DB}.Release|iPhoneSimulator.ActiveCfg = Release|Any CPU
		{98FDD85C-97C5-4C49-9CFD-E17498F194DB}.Release|Mixed Platforms.ActiveCfg = Release|x86
		{98FDD85C-97C5-4C49-9CFD-E17498F194DB}.Release|Mixed Platforms.Build.0 = Release|x86
		{98FDD85C-97C5-4C49-9CFD-E17498F194DB}.Release|Mixed Platforms.Deploy.0 = Release|x86
		{98FDD85C-97C5-4C49-9CFD-E17498F194DB}.Release|x64.ActiveCfg = Release|x64
		{98FDD85C-97C5-4C49-9CFD-E17498F194DB}.Release|x64.Build.0 = Release|x64
		{98FDD85C-97C5-4C49-9CFD-E17498F194DB}.Release|x64.Deploy.0 = Release|x64
		{98FDD85C-97C5-4C49-9CFD-E17498F194DB}.Release|x86.ActiveCfg = Release|x86
		{98FDD85C-97C5-4C49-9CFD-E17498F194DB}.Release|x86.Build.0 = Release|x86
		{98FDD85C-97C5-4C49-9CFD-E17498F194DB}.Release|x86.Deploy.0 = Release|x86
		{71071865-9DCE-472E-A8B3-D9D44C5CF23F}.Ad-Hoc|Any CPU.ActiveCfg = Release|Any CPU
		{71071865-9DCE-472E-A8B3-D9D44C5CF23F}.Ad-Hoc|Any CPU.Build.0 = Release|Any CPU
		{71071865-9DCE-472E-A8B3-D9D44C5CF23F}.Ad-Hoc|ARM.ActiveCfg = Release|ARM
		{71071865-9DCE-472E-A8B3-D9D44C5CF23F}.Ad-Hoc|ARM.Build.0 = Release|ARM
		{71071865-9DCE-472E-A8B3-D9D44C5CF23F}.Ad-Hoc|iPhone.ActiveCfg = Release|Any CPU
		{71071865-9DCE-472E-A8B3-D9D44C5CF23F}.Ad-Hoc|iPhoneSimulator.ActiveCfg = Release|Any CPU
		{71071865-9DCE-472E-A8B3-D9D44C5CF23F}.Ad-Hoc|Mixed Platforms.ActiveCfg = Release|x86
		{71071865-9DCE-472E-A8B3-D9D44C5CF23F}.Ad-Hoc|Mixed Platforms.Build.0 = Release|x86
		{71071865-9DCE-472E-A8B3-D9D44C5CF23F}.Ad-Hoc|x64.ActiveCfg = Release|Any CPU
		{71071865-9DCE-472E-A8B3-D9D44C5CF23F}.Ad-Hoc|x86.ActiveCfg = Release|x86
		{71071865-9DCE-472E-A8B3-D9D44C5CF23F}.Ad-Hoc|x86.Build.0 = Release|x86
		{71071865-9DCE-472E-A8B3-D9D44C5CF23F}.AppStore|Any CPU.ActiveCfg = Release|Any CPU
		{71071865-9DCE-472E-A8B3-D9D44C5CF23F}.AppStore|Any CPU.Build.0 = Release|Any CPU
		{71071865-9DCE-472E-A8B3-D9D44C5CF23F}.AppStore|ARM.ActiveCfg = Release|ARM
		{71071865-9DCE-472E-A8B3-D9D44C5CF23F}.AppStore|ARM.Build.0 = Release|ARM
		{71071865-9DCE-472E-A8B3-D9D44C5CF23F}.AppStore|iPhone.ActiveCfg = Release|Any CPU
		{71071865-9DCE-472E-A8B3-D9D44C5CF23F}.AppStore|iPhoneSimulator.ActiveCfg = Release|Any CPU
		{71071865-9DCE-472E-A8B3-D9D44C5CF23F}.AppStore|Mixed Platforms.ActiveCfg = Release|x86
		{71071865-9DCE-472E-A8B3-D9D44C5CF23F}.AppStore|Mixed Platforms.Build.0 = Release|x86
		{71071865-9DCE-472E-A8B3-D9D44C5CF23F}.AppStore|x64.ActiveCfg = Release|Any CPU
		{71071865-9DCE-472E-A8B3-D9D44C5CF23F}.AppStore|x86.ActiveCfg = Release|x86
		{71071865-9DCE-472E-A8B3-D9D44C5CF23F}.AppStore|x86.Build.0 = Release|x86
		{71071865-9DCE-472E-A8B3-D9D44C5CF23F}.Debug|Any CPU.ActiveCfg = Debug|Any CPU
		{71071865-9DCE-472E-A8B3-D9D44C5CF23F}.Debug|Any CPU.Build.0 = Debug|Any CPU
		{71071865-9DCE-472E-A8B3-D9D44C5CF23F}.Debug|ARM.ActiveCfg = Debug|ARM
		{71071865-9DCE-472E-A8B3-D9D44C5CF23F}.Debug|ARM.Build.0 = Debug|ARM
		{71071865-9DCE-472E-A8B3-D9D44C5CF23F}.Debug|iPhone.ActiveCfg = Debug|Any CPU
		{71071865-9DCE-472E-A8B3-D9D44C5CF23F}.Debug|iPhoneSimulator.ActiveCfg = Debug|Any CPU
		{71071865-9DCE-472E-A8B3-D9D44C5CF23F}.Debug|Mixed Platforms.ActiveCfg = Debug|x86
		{71071865-9DCE-472E-A8B3-D9D44C5CF23F}.Debug|Mixed Platforms.Build.0 = Debug|x86
		{71071865-9DCE-472E-A8B3-D9D44C5CF23F}.Debug|x64.ActiveCfg = Debug|Any CPU
		{71071865-9DCE-472E-A8B3-D9D44C5CF23F}.Debug|x86.ActiveCfg = Debug|x86
		{71071865-9DCE-472E-A8B3-D9D44C5CF23F}.Debug|x86.Build.0 = Debug|x86
		{71071865-9DCE-472E-A8B3-D9D44C5CF23F}.Release|Any CPU.ActiveCfg = Release|Any CPU
		{71071865-9DCE-472E-A8B3-D9D44C5CF23F}.Release|Any CPU.Build.0 = Release|Any CPU
		{71071865-9DCE-472E-A8B3-D9D44C5CF23F}.Release|ARM.ActiveCfg = Release|ARM
		{71071865-9DCE-472E-A8B3-D9D44C5CF23F}.Release|ARM.Build.0 = Release|ARM
		{71071865-9DCE-472E-A8B3-D9D44C5CF23F}.Release|iPhone.ActiveCfg = Release|Any CPU
		{71071865-9DCE-472E-A8B3-D9D44C5CF23F}.Release|iPhoneSimulator.ActiveCfg = Release|Any CPU
		{71071865-9DCE-472E-A8B3-D9D44C5CF23F}.Release|Mixed Platforms.ActiveCfg = Release|Any CPU
		{71071865-9DCE-472E-A8B3-D9D44C5CF23F}.Release|Mixed Platforms.Build.0 = Release|Any CPU
		{71071865-9DCE-472E-A8B3-D9D44C5CF23F}.Release|x64.ActiveCfg = Release|Any CPU
		{71071865-9DCE-472E-A8B3-D9D44C5CF23F}.Release|x86.ActiveCfg = Release|x86
		{71071865-9DCE-472E-A8B3-D9D44C5CF23F}.Release|x86.Build.0 = Release|x86
		{659B4C97-FDF2-4311-ACE8-14504036C4D6}.Ad-Hoc|Any CPU.ActiveCfg = Release|Any CPU
		{659B4C97-FDF2-4311-ACE8-14504036C4D6}.Ad-Hoc|Any CPU.Build.0 = Release|Any CPU
		{659B4C97-FDF2-4311-ACE8-14504036C4D6}.Ad-Hoc|Any CPU.Deploy.0 = Release|Any CPU
		{659B4C97-FDF2-4311-ACE8-14504036C4D6}.Ad-Hoc|ARM.ActiveCfg = Release|ARM
		{659B4C97-FDF2-4311-ACE8-14504036C4D6}.Ad-Hoc|ARM.Build.0 = Release|ARM
		{659B4C97-FDF2-4311-ACE8-14504036C4D6}.Ad-Hoc|ARM.Deploy.0 = Release|ARM
		{659B4C97-FDF2-4311-ACE8-14504036C4D6}.Ad-Hoc|iPhone.ActiveCfg = Release|Any CPU
		{659B4C97-FDF2-4311-ACE8-14504036C4D6}.Ad-Hoc|iPhoneSimulator.ActiveCfg = Release|Any CPU
		{659B4C97-FDF2-4311-ACE8-14504036C4D6}.Ad-Hoc|Mixed Platforms.ActiveCfg = Release|x86
		{659B4C97-FDF2-4311-ACE8-14504036C4D6}.Ad-Hoc|Mixed Platforms.Build.0 = Release|x86
		{659B4C97-FDF2-4311-ACE8-14504036C4D6}.Ad-Hoc|Mixed Platforms.Deploy.0 = Release|x86
		{659B4C97-FDF2-4311-ACE8-14504036C4D6}.Ad-Hoc|x64.ActiveCfg = Release|Any CPU
		{659B4C97-FDF2-4311-ACE8-14504036C4D6}.Ad-Hoc|x86.ActiveCfg = Release|x86
		{659B4C97-FDF2-4311-ACE8-14504036C4D6}.Ad-Hoc|x86.Build.0 = Release|x86
		{659B4C97-FDF2-4311-ACE8-14504036C4D6}.Ad-Hoc|x86.Deploy.0 = Release|x86
		{659B4C97-FDF2-4311-ACE8-14504036C4D6}.AppStore|Any CPU.ActiveCfg = Release|Any CPU
		{659B4C97-FDF2-4311-ACE8-14504036C4D6}.AppStore|Any CPU.Build.0 = Release|Any CPU
		{659B4C97-FDF2-4311-ACE8-14504036C4D6}.AppStore|Any CPU.Deploy.0 = Release|Any CPU
		{659B4C97-FDF2-4311-ACE8-14504036C4D6}.AppStore|ARM.ActiveCfg = Release|ARM
		{659B4C97-FDF2-4311-ACE8-14504036C4D6}.AppStore|ARM.Build.0 = Release|ARM
		{659B4C97-FDF2-4311-ACE8-14504036C4D6}.AppStore|ARM.Deploy.0 = Release|ARM
		{659B4C97-FDF2-4311-ACE8-14504036C4D6}.AppStore|iPhone.ActiveCfg = Release|Any CPU
		{659B4C97-FDF2-4311-ACE8-14504036C4D6}.AppStore|iPhoneSimulator.ActiveCfg = Release|Any CPU
		{659B4C97-FDF2-4311-ACE8-14504036C4D6}.AppStore|Mixed Platforms.ActiveCfg = Release|x86
		{659B4C97-FDF2-4311-ACE8-14504036C4D6}.AppStore|Mixed Platforms.Build.0 = Release|x86
		{659B4C97-FDF2-4311-ACE8-14504036C4D6}.AppStore|Mixed Platforms.Deploy.0 = Release|x86
		{659B4C97-FDF2-4311-ACE8-14504036C4D6}.AppStore|x64.ActiveCfg = Release|Any CPU
		{659B4C97-FDF2-4311-ACE8-14504036C4D6}.AppStore|x86.ActiveCfg = Release|x86
		{659B4C97-FDF2-4311-ACE8-14504036C4D6}.AppStore|x86.Build.0 = Release|x86
		{659B4C97-FDF2-4311-ACE8-14504036C4D6}.AppStore|x86.Deploy.0 = Release|x86
		{659B4C97-FDF2-4311-ACE8-14504036C4D6}.Debug|Any CPU.ActiveCfg = Debug|Any CPU
		{659B4C97-FDF2-4311-ACE8-14504036C4D6}.Debug|Any CPU.Build.0 = Debug|Any CPU
		{659B4C97-FDF2-4311-ACE8-14504036C4D6}.Debug|Any CPU.Deploy.0 = Debug|Any CPU
		{659B4C97-FDF2-4311-ACE8-14504036C4D6}.Debug|ARM.ActiveCfg = Debug|ARM
		{659B4C97-FDF2-4311-ACE8-14504036C4D6}.Debug|ARM.Build.0 = Debug|ARM
		{659B4C97-FDF2-4311-ACE8-14504036C4D6}.Debug|ARM.Deploy.0 = Debug|ARM
		{659B4C97-FDF2-4311-ACE8-14504036C4D6}.Debug|iPhone.ActiveCfg = Debug|Any CPU
		{659B4C97-FDF2-4311-ACE8-14504036C4D6}.Debug|iPhoneSimulator.ActiveCfg = Debug|Any CPU
		{659B4C97-FDF2-4311-ACE8-14504036C4D6}.Debug|Mixed Platforms.ActiveCfg = Debug|x86
		{659B4C97-FDF2-4311-ACE8-14504036C4D6}.Debug|Mixed Platforms.Build.0 = Debug|x86
		{659B4C97-FDF2-4311-ACE8-14504036C4D6}.Debug|Mixed Platforms.Deploy.0 = Debug|x86
		{659B4C97-FDF2-4311-ACE8-14504036C4D6}.Debug|x64.ActiveCfg = Debug|Any CPU
		{659B4C97-FDF2-4311-ACE8-14504036C4D6}.Debug|x86.ActiveCfg = Debug|x86
		{659B4C97-FDF2-4311-ACE8-14504036C4D6}.Debug|x86.Build.0 = Debug|x86
		{659B4C97-FDF2-4311-ACE8-14504036C4D6}.Debug|x86.Deploy.0 = Debug|x86
		{659B4C97-FDF2-4311-ACE8-14504036C4D6}.Release|Any CPU.ActiveCfg = Release|Any CPU
		{659B4C97-FDF2-4311-ACE8-14504036C4D6}.Release|Any CPU.Build.0 = Release|Any CPU
		{659B4C97-FDF2-4311-ACE8-14504036C4D6}.Release|Any CPU.Deploy.0 = Release|Any CPU
		{659B4C97-FDF2-4311-ACE8-14504036C4D6}.Release|ARM.ActiveCfg = Release|ARM
		{659B4C97-FDF2-4311-ACE8-14504036C4D6}.Release|ARM.Build.0 = Release|ARM
		{659B4C97-FDF2-4311-ACE8-14504036C4D6}.Release|ARM.Deploy.0 = Release|ARM
		{659B4C97-FDF2-4311-ACE8-14504036C4D6}.Release|iPhone.ActiveCfg = Release|Any CPU
		{659B4C97-FDF2-4311-ACE8-14504036C4D6}.Release|iPhoneSimulator.ActiveCfg = Release|Any CPU
		{659B4C97-FDF2-4311-ACE8-14504036C4D6}.Release|Mixed Platforms.ActiveCfg = Release|x86
		{659B4C97-FDF2-4311-ACE8-14504036C4D6}.Release|Mixed Platforms.Build.0 = Release|x86
		{659B4C97-FDF2-4311-ACE8-14504036C4D6}.Release|Mixed Platforms.Deploy.0 = Release|x86
		{659B4C97-FDF2-4311-ACE8-14504036C4D6}.Release|x64.ActiveCfg = Release|Any CPU
		{659B4C97-FDF2-4311-ACE8-14504036C4D6}.Release|x86.ActiveCfg = Release|x86
		{659B4C97-FDF2-4311-ACE8-14504036C4D6}.Release|x86.Build.0 = Release|x86
		{659B4C97-FDF2-4311-ACE8-14504036C4D6}.Release|x86.Deploy.0 = Release|x86
		{23079F74-51A5-4441-AF92-559780095AA4}.Ad-Hoc|Any CPU.ActiveCfg = Release|Any CPU
		{23079F74-51A5-4441-AF92-559780095AA4}.Ad-Hoc|Any CPU.Build.0 = Release|Any CPU
		{23079F74-51A5-4441-AF92-559780095AA4}.Ad-Hoc|ARM.ActiveCfg = Release|Any CPU
		{23079F74-51A5-4441-AF92-559780095AA4}.Ad-Hoc|iPhone.ActiveCfg = Release|Any CPU
		{23079F74-51A5-4441-AF92-559780095AA4}.Ad-Hoc|iPhoneSimulator.ActiveCfg = Release|Any CPU
		{23079F74-51A5-4441-AF92-559780095AA4}.Ad-Hoc|Mixed Platforms.ActiveCfg = Release|Any CPU
		{23079F74-51A5-4441-AF92-559780095AA4}.Ad-Hoc|Mixed Platforms.Build.0 = Release|Any CPU
		{23079F74-51A5-4441-AF92-559780095AA4}.Ad-Hoc|x64.ActiveCfg = Release|Any CPU
		{23079F74-51A5-4441-AF92-559780095AA4}.Ad-Hoc|x86.ActiveCfg = Release|Any CPU
		{23079F74-51A5-4441-AF92-559780095AA4}.AppStore|Any CPU.ActiveCfg = Release|Any CPU
		{23079F74-51A5-4441-AF92-559780095AA4}.AppStore|Any CPU.Build.0 = Release|Any CPU
		{23079F74-51A5-4441-AF92-559780095AA4}.AppStore|ARM.ActiveCfg = Release|Any CPU
		{23079F74-51A5-4441-AF92-559780095AA4}.AppStore|iPhone.ActiveCfg = Release|Any CPU
		{23079F74-51A5-4441-AF92-559780095AA4}.AppStore|iPhoneSimulator.ActiveCfg = Release|Any CPU
		{23079F74-51A5-4441-AF92-559780095AA4}.AppStore|Mixed Platforms.ActiveCfg = Release|Any CPU
		{23079F74-51A5-4441-AF92-559780095AA4}.AppStore|Mixed Platforms.Build.0 = Release|Any CPU
		{23079F74-51A5-4441-AF92-559780095AA4}.AppStore|x64.ActiveCfg = Release|Any CPU
		{23079F74-51A5-4441-AF92-559780095AA4}.AppStore|x86.ActiveCfg = Release|Any CPU
		{23079F74-51A5-4441-AF92-559780095AA4}.Debug|Any CPU.ActiveCfg = Debug|Any CPU
		{23079F74-51A5-4441-AF92-559780095AA4}.Debug|Any CPU.Build.0 = Debug|Any CPU
		{23079F74-51A5-4441-AF92-559780095AA4}.Debug|ARM.ActiveCfg = Debug|Any CPU
		{23079F74-51A5-4441-AF92-559780095AA4}.Debug|iPhone.ActiveCfg = Debug|Any CPU
		{23079F74-51A5-4441-AF92-559780095AA4}.Debug|iPhoneSimulator.ActiveCfg = Debug|Any CPU
		{23079F74-51A5-4441-AF92-559780095AA4}.Debug|Mixed Platforms.ActiveCfg = Debug|Any CPU
		{23079F74-51A5-4441-AF92-559780095AA4}.Debug|Mixed Platforms.Build.0 = Debug|Any CPU
		{23079F74-51A5-4441-AF92-559780095AA4}.Debug|x64.ActiveCfg = Debug|Any CPU
		{23079F74-51A5-4441-AF92-559780095AA4}.Debug|x86.ActiveCfg = Debug|Any CPU
		{23079F74-51A5-4441-AF92-559780095AA4}.Release|Any CPU.ActiveCfg = Release|Any CPU
		{23079F74-51A5-4441-AF92-559780095AA4}.Release|Any CPU.Build.0 = Release|Any CPU
		{23079F74-51A5-4441-AF92-559780095AA4}.Release|ARM.ActiveCfg = Release|Any CPU
		{23079F74-51A5-4441-AF92-559780095AA4}.Release|iPhone.ActiveCfg = Release|Any CPU
		{23079F74-51A5-4441-AF92-559780095AA4}.Release|iPhoneSimulator.ActiveCfg = Release|Any CPU
		{23079F74-51A5-4441-AF92-559780095AA4}.Release|Mixed Platforms.ActiveCfg = Release|Any CPU
		{23079F74-51A5-4441-AF92-559780095AA4}.Release|Mixed Platforms.Build.0 = Release|Any CPU
		{23079F74-51A5-4441-AF92-559780095AA4}.Release|x64.ActiveCfg = Release|Any CPU
		{23079F74-51A5-4441-AF92-559780095AA4}.Release|x86.ActiveCfg = Release|Any CPU
		{E1424569-4A10-4164-A99B-A3EBC7AFD469}.Ad-Hoc|Any CPU.ActiveCfg = Release|Any CPU
		{E1424569-4A10-4164-A99B-A3EBC7AFD469}.Ad-Hoc|Any CPU.Build.0 = Release|Any CPU
		{E1424569-4A10-4164-A99B-A3EBC7AFD469}.Ad-Hoc|ARM.ActiveCfg = Release|Any CPU
		{E1424569-4A10-4164-A99B-A3EBC7AFD469}.Ad-Hoc|iPhone.ActiveCfg = Release|Any CPU
		{E1424569-4A10-4164-A99B-A3EBC7AFD469}.Ad-Hoc|iPhoneSimulator.ActiveCfg = Release|Any CPU
		{E1424569-4A10-4164-A99B-A3EBC7AFD469}.Ad-Hoc|Mixed Platforms.ActiveCfg = Release|Any CPU
		{E1424569-4A10-4164-A99B-A3EBC7AFD469}.Ad-Hoc|Mixed Platforms.Build.0 = Release|Any CPU
		{E1424569-4A10-4164-A99B-A3EBC7AFD469}.Ad-Hoc|x64.ActiveCfg = Release|Any CPU
		{E1424569-4A10-4164-A99B-A3EBC7AFD469}.Ad-Hoc|x86.ActiveCfg = Release|Any CPU
		{E1424569-4A10-4164-A99B-A3EBC7AFD469}.AppStore|Any CPU.ActiveCfg = Release|Any CPU
		{E1424569-4A10-4164-A99B-A3EBC7AFD469}.AppStore|Any CPU.Build.0 = Release|Any CPU
		{E1424569-4A10-4164-A99B-A3EBC7AFD469}.AppStore|ARM.ActiveCfg = Release|Any CPU
		{E1424569-4A10-4164-A99B-A3EBC7AFD469}.AppStore|iPhone.ActiveCfg = Release|Any CPU
		{E1424569-4A10-4164-A99B-A3EBC7AFD469}.AppStore|iPhoneSimulator.ActiveCfg = Release|Any CPU
		{E1424569-4A10-4164-A99B-A3EBC7AFD469}.AppStore|Mixed Platforms.ActiveCfg = Release|Any CPU
		{E1424569-4A10-4164-A99B-A3EBC7AFD469}.AppStore|Mixed Platforms.Build.0 = Release|Any CPU
		{E1424569-4A10-4164-A99B-A3EBC7AFD469}.AppStore|x64.ActiveCfg = Release|Any CPU
		{E1424569-4A10-4164-A99B-A3EBC7AFD469}.AppStore|x86.ActiveCfg = Release|Any CPU
		{E1424569-4A10-4164-A99B-A3EBC7AFD469}.Debug|Any CPU.ActiveCfg = Debug|Any CPU
		{E1424569-4A10-4164-A99B-A3EBC7AFD469}.Debug|Any CPU.Build.0 = Debug|Any CPU
		{E1424569-4A10-4164-A99B-A3EBC7AFD469}.Debug|ARM.ActiveCfg = Debug|Any CPU
		{E1424569-4A10-4164-A99B-A3EBC7AFD469}.Debug|iPhone.ActiveCfg = Debug|Any CPU
		{E1424569-4A10-4164-A99B-A3EBC7AFD469}.Debug|iPhoneSimulator.ActiveCfg = Debug|Any CPU
		{E1424569-4A10-4164-A99B-A3EBC7AFD469}.Debug|Mixed Platforms.ActiveCfg = Debug|Any CPU
		{E1424569-4A10-4164-A99B-A3EBC7AFD469}.Debug|Mixed Platforms.Build.0 = Debug|Any CPU
		{E1424569-4A10-4164-A99B-A3EBC7AFD469}.Debug|x64.ActiveCfg = Debug|Any CPU
		{E1424569-4A10-4164-A99B-A3EBC7AFD469}.Debug|x86.ActiveCfg = Debug|Any CPU
		{E1424569-4A10-4164-A99B-A3EBC7AFD469}.Release|Any CPU.ActiveCfg = Release|Any CPU
		{E1424569-4A10-4164-A99B-A3EBC7AFD469}.Release|Any CPU.Build.0 = Release|Any CPU
		{E1424569-4A10-4164-A99B-A3EBC7AFD469}.Release|ARM.ActiveCfg = Release|Any CPU
		{E1424569-4A10-4164-A99B-A3EBC7AFD469}.Release|iPhone.ActiveCfg = Release|Any CPU
		{E1424569-4A10-4164-A99B-A3EBC7AFD469}.Release|iPhoneSimulator.ActiveCfg = Release|Any CPU
		{E1424569-4A10-4164-A99B-A3EBC7AFD469}.Release|Mixed Platforms.ActiveCfg = Release|Any CPU
		{E1424569-4A10-4164-A99B-A3EBC7AFD469}.Release|Mixed Platforms.Build.0 = Release|Any CPU
		{E1424569-4A10-4164-A99B-A3EBC7AFD469}.Release|x64.ActiveCfg = Release|Any CPU
		{E1424569-4A10-4164-A99B-A3EBC7AFD469}.Release|x86.ActiveCfg = Release|Any CPU
		{5EA8CE38-6134-4263-9292-8798C7585622}.Ad-Hoc|Any CPU.ActiveCfg = Release|Any CPU
		{5EA8CE38-6134-4263-9292-8798C7585622}.Ad-Hoc|Any CPU.Build.0 = Release|Any CPU
		{5EA8CE38-6134-4263-9292-8798C7585622}.Ad-Hoc|ARM.ActiveCfg = Release|Any CPU
		{5EA8CE38-6134-4263-9292-8798C7585622}.Ad-Hoc|iPhone.ActiveCfg = Release|Any CPU
		{5EA8CE38-6134-4263-9292-8798C7585622}.Ad-Hoc|iPhoneSimulator.ActiveCfg = Release|Any CPU
		{5EA8CE38-6134-4263-9292-8798C7585622}.Ad-Hoc|Mixed Platforms.ActiveCfg = Release|Any CPU
		{5EA8CE38-6134-4263-9292-8798C7585622}.Ad-Hoc|Mixed Platforms.Build.0 = Release|Any CPU
		{5EA8CE38-6134-4263-9292-8798C7585622}.Ad-Hoc|x64.ActiveCfg = Release|Any CPU
		{5EA8CE38-6134-4263-9292-8798C7585622}.Ad-Hoc|x86.ActiveCfg = Release|Any CPU
		{5EA8CE38-6134-4263-9292-8798C7585622}.AppStore|Any CPU.ActiveCfg = Release|Any CPU
		{5EA8CE38-6134-4263-9292-8798C7585622}.AppStore|Any CPU.Build.0 = Release|Any CPU
		{5EA8CE38-6134-4263-9292-8798C7585622}.AppStore|ARM.ActiveCfg = Release|Any CPU
		{5EA8CE38-6134-4263-9292-8798C7585622}.AppStore|iPhone.ActiveCfg = Release|Any CPU
		{5EA8CE38-6134-4263-9292-8798C7585622}.AppStore|iPhoneSimulator.ActiveCfg = Release|Any CPU
		{5EA8CE38-6134-4263-9292-8798C7585622}.AppStore|Mixed Platforms.ActiveCfg = Release|Any CPU
		{5EA8CE38-6134-4263-9292-8798C7585622}.AppStore|Mixed Platforms.Build.0 = Release|Any CPU
		{5EA8CE38-6134-4263-9292-8798C7585622}.AppStore|x64.ActiveCfg = Release|Any CPU
		{5EA8CE38-6134-4263-9292-8798C7585622}.AppStore|x86.ActiveCfg = Release|Any CPU
		{5EA8CE38-6134-4263-9292-8798C7585622}.Debug|Any CPU.ActiveCfg = Debug|Any CPU
		{5EA8CE38-6134-4263-9292-8798C7585622}.Debug|Any CPU.Build.0 = Debug|Any CPU
		{5EA8CE38-6134-4263-9292-8798C7585622}.Debug|ARM.ActiveCfg = Debug|Any CPU
		{5EA8CE38-6134-4263-9292-8798C7585622}.Debug|iPhone.ActiveCfg = Debug|Any CPU
		{5EA8CE38-6134-4263-9292-8798C7585622}.Debug|iPhone.Build.0 = Debug|Any CPU
		{5EA8CE38-6134-4263-9292-8798C7585622}.Debug|iPhoneSimulator.ActiveCfg = Debug|Any CPU
		{5EA8CE38-6134-4263-9292-8798C7585622}.Debug|Mixed Platforms.ActiveCfg = Debug|Any CPU
		{5EA8CE38-6134-4263-9292-8798C7585622}.Debug|Mixed Platforms.Build.0 = Debug|Any CPU
		{5EA8CE38-6134-4263-9292-8798C7585622}.Debug|x64.ActiveCfg = Debug|Any CPU
		{5EA8CE38-6134-4263-9292-8798C7585622}.Debug|x86.ActiveCfg = Debug|Any CPU
		{5EA8CE38-6134-4263-9292-8798C7585622}.Release|Any CPU.ActiveCfg = Release|Any CPU
		{5EA8CE38-6134-4263-9292-8798C7585622}.Release|Any CPU.Build.0 = Release|Any CPU
		{5EA8CE38-6134-4263-9292-8798C7585622}.Release|ARM.ActiveCfg = Release|Any CPU
		{5EA8CE38-6134-4263-9292-8798C7585622}.Release|iPhone.ActiveCfg = Release|Any CPU
		{5EA8CE38-6134-4263-9292-8798C7585622}.Release|iPhone.Build.0 = Release|Any CPU
		{5EA8CE38-6134-4263-9292-8798C7585622}.Release|iPhoneSimulator.ActiveCfg = Release|Any CPU
		{5EA8CE38-6134-4263-9292-8798C7585622}.Release|Mixed Platforms.ActiveCfg = Release|Any CPU
		{5EA8CE38-6134-4263-9292-8798C7585622}.Release|Mixed Platforms.Build.0 = Release|Any CPU
		{5EA8CE38-6134-4263-9292-8798C7585622}.Release|x64.ActiveCfg = Release|Any CPU
		{5EA8CE38-6134-4263-9292-8798C7585622}.Release|x86.ActiveCfg = Release|Any CPU
		{A279A26E-E98C-432F-AE6A-CDCD57FE188D}.Ad-Hoc|Any CPU.ActiveCfg = Release|Any CPU
		{A279A26E-E98C-432F-AE6A-CDCD57FE188D}.Ad-Hoc|Any CPU.Build.0 = Release|Any CPU
		{A279A26E-E98C-432F-AE6A-CDCD57FE188D}.Ad-Hoc|ARM.ActiveCfg = Release|Any CPU
		{A279A26E-E98C-432F-AE6A-CDCD57FE188D}.Ad-Hoc|iPhone.ActiveCfg = Release|Any CPU
		{A279A26E-E98C-432F-AE6A-CDCD57FE188D}.Ad-Hoc|iPhoneSimulator.ActiveCfg = Release|Any CPU
		{A279A26E-E98C-432F-AE6A-CDCD57FE188D}.Ad-Hoc|Mixed Platforms.ActiveCfg = Release|Any CPU
		{A279A26E-E98C-432F-AE6A-CDCD57FE188D}.Ad-Hoc|Mixed Platforms.Build.0 = Release|Any CPU
		{A279A26E-E98C-432F-AE6A-CDCD57FE188D}.Ad-Hoc|x64.ActiveCfg = Release|Any CPU
		{A279A26E-E98C-432F-AE6A-CDCD57FE188D}.Ad-Hoc|x86.ActiveCfg = Release|Any CPU
		{A279A26E-E98C-432F-AE6A-CDCD57FE188D}.AppStore|Any CPU.ActiveCfg = Release|Any CPU
		{A279A26E-E98C-432F-AE6A-CDCD57FE188D}.AppStore|Any CPU.Build.0 = Release|Any CPU
		{A279A26E-E98C-432F-AE6A-CDCD57FE188D}.AppStore|ARM.ActiveCfg = Release|Any CPU
		{A279A26E-E98C-432F-AE6A-CDCD57FE188D}.AppStore|iPhone.ActiveCfg = Release|Any CPU
		{A279A26E-E98C-432F-AE6A-CDCD57FE188D}.AppStore|iPhoneSimulator.ActiveCfg = Release|Any CPU
		{A279A26E-E98C-432F-AE6A-CDCD57FE188D}.AppStore|Mixed Platforms.ActiveCfg = Release|Any CPU
		{A279A26E-E98C-432F-AE6A-CDCD57FE188D}.AppStore|Mixed Platforms.Build.0 = Release|Any CPU
		{A279A26E-E98C-432F-AE6A-CDCD57FE188D}.AppStore|x64.ActiveCfg = Release|Any CPU
		{A279A26E-E98C-432F-AE6A-CDCD57FE188D}.AppStore|x86.ActiveCfg = Release|Any CPU
		{A279A26E-E98C-432F-AE6A-CDCD57FE188D}.Debug|Any CPU.ActiveCfg = Debug|Any CPU
		{A279A26E-E98C-432F-AE6A-CDCD57FE188D}.Debug|Any CPU.Build.0 = Debug|Any CPU
		{A279A26E-E98C-432F-AE6A-CDCD57FE188D}.Debug|ARM.ActiveCfg = Debug|Any CPU
		{A279A26E-E98C-432F-AE6A-CDCD57FE188D}.Debug|iPhone.ActiveCfg = Debug|Any CPU
		{A279A26E-E98C-432F-AE6A-CDCD57FE188D}.Debug|iPhone.Build.0 = Debug|Any CPU
		{A279A26E-E98C-432F-AE6A-CDCD57FE188D}.Debug|iPhoneSimulator.ActiveCfg = Debug|Any CPU
		{A279A26E-E98C-432F-AE6A-CDCD57FE188D}.Debug|Mixed Platforms.ActiveCfg = Debug|Any CPU
		{A279A26E-E98C-432F-AE6A-CDCD57FE188D}.Debug|Mixed Platforms.Build.0 = Debug|Any CPU
		{A279A26E-E98C-432F-AE6A-CDCD57FE188D}.Debug|x64.ActiveCfg = Debug|Any CPU
		{A279A26E-E98C-432F-AE6A-CDCD57FE188D}.Debug|x86.ActiveCfg = Debug|Any CPU
		{A279A26E-E98C-432F-AE6A-CDCD57FE188D}.Release|Any CPU.ActiveCfg = Release|Any CPU
		{A279A26E-E98C-432F-AE6A-CDCD57FE188D}.Release|Any CPU.Build.0 = Release|Any CPU
		{A279A26E-E98C-432F-AE6A-CDCD57FE188D}.Release|ARM.ActiveCfg = Release|Any CPU
		{A279A26E-E98C-432F-AE6A-CDCD57FE188D}.Release|iPhone.ActiveCfg = Release|Any CPU
		{A279A26E-E98C-432F-AE6A-CDCD57FE188D}.Release|iPhoneSimulator.ActiveCfg = Release|Any CPU
		{A279A26E-E98C-432F-AE6A-CDCD57FE188D}.Release|Mixed Platforms.ActiveCfg = Release|Any CPU
		{A279A26E-E98C-432F-AE6A-CDCD57FE188D}.Release|Mixed Platforms.Build.0 = Release|Any CPU
		{A279A26E-E98C-432F-AE6A-CDCD57FE188D}.Release|x64.ActiveCfg = Release|Any CPU
		{A279A26E-E98C-432F-AE6A-CDCD57FE188D}.Release|x86.ActiveCfg = Release|Any CPU
		{2CF5FA8C-4A53-4DF2-BBB4-44003D8BF9CF}.Ad-Hoc|Any CPU.ActiveCfg = Ad-Hoc|iPhone
		{2CF5FA8C-4A53-4DF2-BBB4-44003D8BF9CF}.Ad-Hoc|ARM.ActiveCfg = Ad-Hoc|iPhone
		{2CF5FA8C-4A53-4DF2-BBB4-44003D8BF9CF}.Ad-Hoc|iPhone.ActiveCfg = Ad-Hoc|iPhone
		{2CF5FA8C-4A53-4DF2-BBB4-44003D8BF9CF}.Ad-Hoc|iPhone.Build.0 = Ad-Hoc|iPhone
		{2CF5FA8C-4A53-4DF2-BBB4-44003D8BF9CF}.Ad-Hoc|iPhone.Deploy.0 = Ad-Hoc|iPhone
		{2CF5FA8C-4A53-4DF2-BBB4-44003D8BF9CF}.Ad-Hoc|iPhoneSimulator.ActiveCfg = Ad-Hoc|iPhoneSimulator
		{2CF5FA8C-4A53-4DF2-BBB4-44003D8BF9CF}.Ad-Hoc|iPhoneSimulator.Build.0 = Ad-Hoc|iPhoneSimulator
		{2CF5FA8C-4A53-4DF2-BBB4-44003D8BF9CF}.Ad-Hoc|iPhoneSimulator.Deploy.0 = Ad-Hoc|iPhoneSimulator
		{2CF5FA8C-4A53-4DF2-BBB4-44003D8BF9CF}.Ad-Hoc|Mixed Platforms.ActiveCfg = Ad-Hoc|iPhone
		{2CF5FA8C-4A53-4DF2-BBB4-44003D8BF9CF}.Ad-Hoc|Mixed Platforms.Build.0 = Ad-Hoc|iPhone
		{2CF5FA8C-4A53-4DF2-BBB4-44003D8BF9CF}.Ad-Hoc|Mixed Platforms.Deploy.0 = Ad-Hoc|iPhone
		{2CF5FA8C-4A53-4DF2-BBB4-44003D8BF9CF}.Ad-Hoc|x64.ActiveCfg = Ad-Hoc|iPhone
		{2CF5FA8C-4A53-4DF2-BBB4-44003D8BF9CF}.Ad-Hoc|x86.ActiveCfg = Ad-Hoc|iPhone
		{2CF5FA8C-4A53-4DF2-BBB4-44003D8BF9CF}.AppStore|Any CPU.ActiveCfg = AppStore|iPhone
		{2CF5FA8C-4A53-4DF2-BBB4-44003D8BF9CF}.AppStore|ARM.ActiveCfg = AppStore|iPhone
		{2CF5FA8C-4A53-4DF2-BBB4-44003D8BF9CF}.AppStore|iPhone.ActiveCfg = AppStore|iPhone
		{2CF5FA8C-4A53-4DF2-BBB4-44003D8BF9CF}.AppStore|iPhone.Build.0 = AppStore|iPhone
		{2CF5FA8C-4A53-4DF2-BBB4-44003D8BF9CF}.AppStore|iPhone.Deploy.0 = AppStore|iPhone
		{2CF5FA8C-4A53-4DF2-BBB4-44003D8BF9CF}.AppStore|iPhoneSimulator.ActiveCfg = AppStore|iPhoneSimulator
		{2CF5FA8C-4A53-4DF2-BBB4-44003D8BF9CF}.AppStore|iPhoneSimulator.Build.0 = AppStore|iPhoneSimulator
		{2CF5FA8C-4A53-4DF2-BBB4-44003D8BF9CF}.AppStore|iPhoneSimulator.Deploy.0 = AppStore|iPhoneSimulator
		{2CF5FA8C-4A53-4DF2-BBB4-44003D8BF9CF}.AppStore|Mixed Platforms.ActiveCfg = AppStore|iPhone
		{2CF5FA8C-4A53-4DF2-BBB4-44003D8BF9CF}.AppStore|Mixed Platforms.Build.0 = AppStore|iPhone
		{2CF5FA8C-4A53-4DF2-BBB4-44003D8BF9CF}.AppStore|Mixed Platforms.Deploy.0 = AppStore|iPhone
		{2CF5FA8C-4A53-4DF2-BBB4-44003D8BF9CF}.AppStore|x64.ActiveCfg = AppStore|iPhone
		{2CF5FA8C-4A53-4DF2-BBB4-44003D8BF9CF}.AppStore|x86.ActiveCfg = AppStore|iPhone
		{2CF5FA8C-4A53-4DF2-BBB4-44003D8BF9CF}.Debug|Any CPU.ActiveCfg = Debug|iPhone
		{2CF5FA8C-4A53-4DF2-BBB4-44003D8BF9CF}.Debug|ARM.ActiveCfg = Debug|iPhone
		{2CF5FA8C-4A53-4DF2-BBB4-44003D8BF9CF}.Debug|iPhone.ActiveCfg = Debug|iPhone
		{2CF5FA8C-4A53-4DF2-BBB4-44003D8BF9CF}.Debug|iPhone.Build.0 = Debug|iPhone
		{2CF5FA8C-4A53-4DF2-BBB4-44003D8BF9CF}.Debug|iPhone.Deploy.0 = Debug|iPhone
		{2CF5FA8C-4A53-4DF2-BBB4-44003D8BF9CF}.Debug|iPhoneSimulator.ActiveCfg = Debug|iPhoneSimulator
		{2CF5FA8C-4A53-4DF2-BBB4-44003D8BF9CF}.Debug|iPhoneSimulator.Build.0 = Debug|iPhoneSimulator
		{2CF5FA8C-4A53-4DF2-BBB4-44003D8BF9CF}.Debug|iPhoneSimulator.Deploy.0 = Debug|iPhoneSimulator
		{2CF5FA8C-4A53-4DF2-BBB4-44003D8BF9CF}.Debug|Mixed Platforms.ActiveCfg = Debug|iPhone
		{2CF5FA8C-4A53-4DF2-BBB4-44003D8BF9CF}.Debug|Mixed Platforms.Build.0 = Debug|iPhone
		{2CF5FA8C-4A53-4DF2-BBB4-44003D8BF9CF}.Debug|Mixed Platforms.Deploy.0 = Debug|iPhone
		{2CF5FA8C-4A53-4DF2-BBB4-44003D8BF9CF}.Debug|x64.ActiveCfg = Debug|iPhone
		{2CF5FA8C-4A53-4DF2-BBB4-44003D8BF9CF}.Debug|x86.ActiveCfg = Debug|iPhone
		{2CF5FA8C-4A53-4DF2-BBB4-44003D8BF9CF}.Release|Any CPU.ActiveCfg = Release|iPhone
		{2CF5FA8C-4A53-4DF2-BBB4-44003D8BF9CF}.Release|ARM.ActiveCfg = Release|iPhone
		{2CF5FA8C-4A53-4DF2-BBB4-44003D8BF9CF}.Release|iPhone.ActiveCfg = Release|iPhone
		{2CF5FA8C-4A53-4DF2-BBB4-44003D8BF9CF}.Release|iPhone.Build.0 = Release|iPhone
		{2CF5FA8C-4A53-4DF2-BBB4-44003D8BF9CF}.Release|iPhone.Deploy.0 = Release|iPhone
		{2CF5FA8C-4A53-4DF2-BBB4-44003D8BF9CF}.Release|iPhoneSimulator.ActiveCfg = Release|iPhoneSimulator
		{2CF5FA8C-4A53-4DF2-BBB4-44003D8BF9CF}.Release|iPhoneSimulator.Build.0 = Release|iPhoneSimulator
		{2CF5FA8C-4A53-4DF2-BBB4-44003D8BF9CF}.Release|iPhoneSimulator.Deploy.0 = Release|iPhoneSimulator
		{2CF5FA8C-4A53-4DF2-BBB4-44003D8BF9CF}.Release|Mixed Platforms.ActiveCfg = Release|iPhone
		{2CF5FA8C-4A53-4DF2-BBB4-44003D8BF9CF}.Release|Mixed Platforms.Build.0 = Release|iPhone
		{2CF5FA8C-4A53-4DF2-BBB4-44003D8BF9CF}.Release|Mixed Platforms.Deploy.0 = Release|iPhone
		{2CF5FA8C-4A53-4DF2-BBB4-44003D8BF9CF}.Release|x64.ActiveCfg = Release|iPhone
		{2CF5FA8C-4A53-4DF2-BBB4-44003D8BF9CF}.Release|x86.ActiveCfg = Release|iPhone
		{E4F5ED14-322F-4D88-870C-1F5D3F4E0820}.Ad-Hoc|Any CPU.ActiveCfg = Release|Any CPU
		{E4F5ED14-322F-4D88-870C-1F5D3F4E0820}.Ad-Hoc|Any CPU.Build.0 = Release|Any CPU
		{E4F5ED14-322F-4D88-870C-1F5D3F4E0820}.Ad-Hoc|Any CPU.Deploy.0 = Release|Any CPU
		{E4F5ED14-322F-4D88-870C-1F5D3F4E0820}.Ad-Hoc|ARM.ActiveCfg = Release|Any CPU
		{E4F5ED14-322F-4D88-870C-1F5D3F4E0820}.Ad-Hoc|iPhone.ActiveCfg = Release|Any CPU
		{E4F5ED14-322F-4D88-870C-1F5D3F4E0820}.Ad-Hoc|iPhoneSimulator.ActiveCfg = Release|Any CPU
		{E4F5ED14-322F-4D88-870C-1F5D3F4E0820}.Ad-Hoc|Mixed Platforms.ActiveCfg = Release|Any CPU
		{E4F5ED14-322F-4D88-870C-1F5D3F4E0820}.Ad-Hoc|Mixed Platforms.Build.0 = Release|Any CPU
		{E4F5ED14-322F-4D88-870C-1F5D3F4E0820}.Ad-Hoc|Mixed Platforms.Deploy.0 = Release|Any CPU
		{E4F5ED14-322F-4D88-870C-1F5D3F4E0820}.Ad-Hoc|x64.ActiveCfg = Release|Any CPU
		{E4F5ED14-322F-4D88-870C-1F5D3F4E0820}.Ad-Hoc|x86.ActiveCfg = Release|Any CPU
		{E4F5ED14-322F-4D88-870C-1F5D3F4E0820}.AppStore|Any CPU.ActiveCfg = Release|Any CPU
		{E4F5ED14-322F-4D88-870C-1F5D3F4E0820}.AppStore|Any CPU.Build.0 = Release|Any CPU
		{E4F5ED14-322F-4D88-870C-1F5D3F4E0820}.AppStore|Any CPU.Deploy.0 = Release|Any CPU
		{E4F5ED14-322F-4D88-870C-1F5D3F4E0820}.AppStore|ARM.ActiveCfg = Release|Any CPU
		{E4F5ED14-322F-4D88-870C-1F5D3F4E0820}.AppStore|iPhone.ActiveCfg = Release|Any CPU
		{E4F5ED14-322F-4D88-870C-1F5D3F4E0820}.AppStore|iPhoneSimulator.ActiveCfg = Release|Any CPU
		{E4F5ED14-322F-4D88-870C-1F5D3F4E0820}.AppStore|Mixed Platforms.ActiveCfg = Release|Any CPU
		{E4F5ED14-322F-4D88-870C-1F5D3F4E0820}.AppStore|Mixed Platforms.Build.0 = Release|Any CPU
		{E4F5ED14-322F-4D88-870C-1F5D3F4E0820}.AppStore|Mixed Platforms.Deploy.0 = Release|Any CPU
		{E4F5ED14-322F-4D88-870C-1F5D3F4E0820}.AppStore|x64.ActiveCfg = Release|Any CPU
		{E4F5ED14-322F-4D88-870C-1F5D3F4E0820}.AppStore|x86.ActiveCfg = Release|Any CPU
		{E4F5ED14-322F-4D88-870C-1F5D3F4E0820}.Debug|Any CPU.ActiveCfg = Debug|Any CPU
		{E4F5ED14-322F-4D88-870C-1F5D3F4E0820}.Debug|Any CPU.Build.0 = Debug|Any CPU
		{E4F5ED14-322F-4D88-870C-1F5D3F4E0820}.Debug|Any CPU.Deploy.0 = Debug|Any CPU
		{E4F5ED14-322F-4D88-870C-1F5D3F4E0820}.Debug|ARM.ActiveCfg = Debug|Any CPU
		{E4F5ED14-322F-4D88-870C-1F5D3F4E0820}.Debug|iPhone.ActiveCfg = Debug|Any CPU
		{E4F5ED14-322F-4D88-870C-1F5D3F4E0820}.Debug|iPhoneSimulator.ActiveCfg = Debug|Any CPU
		{E4F5ED14-322F-4D88-870C-1F5D3F4E0820}.Debug|Mixed Platforms.ActiveCfg = Debug|Any CPU
		{E4F5ED14-322F-4D88-870C-1F5D3F4E0820}.Debug|Mixed Platforms.Build.0 = Debug|Any CPU
		{E4F5ED14-322F-4D88-870C-1F5D3F4E0820}.Debug|Mixed Platforms.Deploy.0 = Debug|Any CPU
		{E4F5ED14-322F-4D88-870C-1F5D3F4E0820}.Debug|x64.ActiveCfg = Debug|Any CPU
		{E4F5ED14-322F-4D88-870C-1F5D3F4E0820}.Debug|x86.ActiveCfg = Debug|Any CPU
		{E4F5ED14-322F-4D88-870C-1F5D3F4E0820}.Release|Any CPU.ActiveCfg = Release|Any CPU
		{E4F5ED14-322F-4D88-870C-1F5D3F4E0820}.Release|Any CPU.Build.0 = Release|Any CPU
		{E4F5ED14-322F-4D88-870C-1F5D3F4E0820}.Release|Any CPU.Deploy.0 = Release|Any CPU
		{E4F5ED14-322F-4D88-870C-1F5D3F4E0820}.Release|ARM.ActiveCfg = Release|Any CPU
		{E4F5ED14-322F-4D88-870C-1F5D3F4E0820}.Release|iPhone.ActiveCfg = Release|Any CPU
		{E4F5ED14-322F-4D88-870C-1F5D3F4E0820}.Release|iPhoneSimulator.ActiveCfg = Release|Any CPU
		{E4F5ED14-322F-4D88-870C-1F5D3F4E0820}.Release|Mixed Platforms.ActiveCfg = Release|Any CPU
		{E4F5ED14-322F-4D88-870C-1F5D3F4E0820}.Release|Mixed Platforms.Build.0 = Release|Any CPU
		{E4F5ED14-322F-4D88-870C-1F5D3F4E0820}.Release|Mixed Platforms.Deploy.0 = Release|Any CPU
		{E4F5ED14-322F-4D88-870C-1F5D3F4E0820}.Release|x64.ActiveCfg = Release|Any CPU
		{E4F5ED14-322F-4D88-870C-1F5D3F4E0820}.Release|x86.ActiveCfg = Release|Any CPU
		{982A1EE8-900E-435A-B27E-5A779A693651}.Ad-Hoc|Any CPU.ActiveCfg = Release|Any CPU
		{982A1EE8-900E-435A-B27E-5A779A693651}.Ad-Hoc|Any CPU.Build.0 = Release|Any CPU
		{982A1EE8-900E-435A-B27E-5A779A693651}.Ad-Hoc|ARM.ActiveCfg = Release|Any CPU
		{982A1EE8-900E-435A-B27E-5A779A693651}.Ad-Hoc|ARM.Build.0 = Release|Any CPU
		{982A1EE8-900E-435A-B27E-5A779A693651}.Ad-Hoc|iPhone.ActiveCfg = Release|Any CPU
		{982A1EE8-900E-435A-B27E-5A779A693651}.Ad-Hoc|iPhone.Build.0 = Release|Any CPU
		{982A1EE8-900E-435A-B27E-5A779A693651}.Ad-Hoc|iPhoneSimulator.ActiveCfg = Release|Any CPU
		{982A1EE8-900E-435A-B27E-5A779A693651}.Ad-Hoc|iPhoneSimulator.Build.0 = Release|Any CPU
		{982A1EE8-900E-435A-B27E-5A779A693651}.Ad-Hoc|Mixed Platforms.ActiveCfg = Release|Any CPU
		{982A1EE8-900E-435A-B27E-5A779A693651}.Ad-Hoc|Mixed Platforms.Build.0 = Release|Any CPU
		{982A1EE8-900E-435A-B27E-5A779A693651}.Ad-Hoc|x64.ActiveCfg = Release|Any CPU
		{982A1EE8-900E-435A-B27E-5A779A693651}.Ad-Hoc|x64.Build.0 = Release|Any CPU
		{982A1EE8-900E-435A-B27E-5A779A693651}.Ad-Hoc|x86.ActiveCfg = Release|Any CPU
		{982A1EE8-900E-435A-B27E-5A779A693651}.Ad-Hoc|x86.Build.0 = Release|Any CPU
		{982A1EE8-900E-435A-B27E-5A779A693651}.AppStore|Any CPU.ActiveCfg = Release|Any CPU
		{982A1EE8-900E-435A-B27E-5A779A693651}.AppStore|Any CPU.Build.0 = Release|Any CPU
		{982A1EE8-900E-435A-B27E-5A779A693651}.AppStore|ARM.ActiveCfg = Release|Any CPU
		{982A1EE8-900E-435A-B27E-5A779A693651}.AppStore|ARM.Build.0 = Release|Any CPU
		{982A1EE8-900E-435A-B27E-5A779A693651}.AppStore|iPhone.ActiveCfg = Release|Any CPU
		{982A1EE8-900E-435A-B27E-5A779A693651}.AppStore|iPhone.Build.0 = Release|Any CPU
		{982A1EE8-900E-435A-B27E-5A779A693651}.AppStore|iPhoneSimulator.ActiveCfg = Release|Any CPU
		{982A1EE8-900E-435A-B27E-5A779A693651}.AppStore|iPhoneSimulator.Build.0 = Release|Any CPU
		{982A1EE8-900E-435A-B27E-5A779A693651}.AppStore|Mixed Platforms.ActiveCfg = Release|Any CPU
		{982A1EE8-900E-435A-B27E-5A779A693651}.AppStore|Mixed Platforms.Build.0 = Release|Any CPU
		{982A1EE8-900E-435A-B27E-5A779A693651}.AppStore|x64.ActiveCfg = Release|Any CPU
		{982A1EE8-900E-435A-B27E-5A779A693651}.AppStore|x64.Build.0 = Release|Any CPU
		{982A1EE8-900E-435A-B27E-5A779A693651}.AppStore|x86.ActiveCfg = Release|Any CPU
		{982A1EE8-900E-435A-B27E-5A779A693651}.AppStore|x86.Build.0 = Release|Any CPU
		{982A1EE8-900E-435A-B27E-5A779A693651}.Debug|Any CPU.ActiveCfg = Debug|Any CPU
		{982A1EE8-900E-435A-B27E-5A779A693651}.Debug|Any CPU.Build.0 = Debug|Any CPU
		{982A1EE8-900E-435A-B27E-5A779A693651}.Debug|ARM.ActiveCfg = Debug|Any CPU
		{982A1EE8-900E-435A-B27E-5A779A693651}.Debug|ARM.Build.0 = Debug|Any CPU
		{982A1EE8-900E-435A-B27E-5A779A693651}.Debug|iPhone.ActiveCfg = Debug|Any CPU
		{982A1EE8-900E-435A-B27E-5A779A693651}.Debug|iPhone.Build.0 = Debug|Any CPU
		{982A1EE8-900E-435A-B27E-5A779A693651}.Debug|iPhoneSimulator.ActiveCfg = Debug|Any CPU
		{982A1EE8-900E-435A-B27E-5A779A693651}.Debug|iPhoneSimulator.Build.0 = Debug|Any CPU
		{982A1EE8-900E-435A-B27E-5A779A693651}.Debug|Mixed Platforms.ActiveCfg = Debug|Any CPU
		{982A1EE8-900E-435A-B27E-5A779A693651}.Debug|Mixed Platforms.Build.0 = Debug|Any CPU
		{982A1EE8-900E-435A-B27E-5A779A693651}.Debug|x64.ActiveCfg = Debug|Any CPU
		{982A1EE8-900E-435A-B27E-5A779A693651}.Debug|x64.Build.0 = Debug|Any CPU
		{982A1EE8-900E-435A-B27E-5A779A693651}.Debug|x86.ActiveCfg = Debug|Any CPU
		{982A1EE8-900E-435A-B27E-5A779A693651}.Debug|x86.Build.0 = Debug|Any CPU
		{982A1EE8-900E-435A-B27E-5A779A693651}.Release|Any CPU.ActiveCfg = Release|Any CPU
		{982A1EE8-900E-435A-B27E-5A779A693651}.Release|Any CPU.Build.0 = Release|Any CPU
		{982A1EE8-900E-435A-B27E-5A779A693651}.Release|ARM.ActiveCfg = Release|Any CPU
		{982A1EE8-900E-435A-B27E-5A779A693651}.Release|ARM.Build.0 = Release|Any CPU
		{982A1EE8-900E-435A-B27E-5A779A693651}.Release|iPhone.ActiveCfg = Release|Any CPU
		{982A1EE8-900E-435A-B27E-5A779A693651}.Release|iPhone.Build.0 = Release|Any CPU
		{982A1EE8-900E-435A-B27E-5A779A693651}.Release|iPhoneSimulator.ActiveCfg = Release|Any CPU
		{982A1EE8-900E-435A-B27E-5A779A693651}.Release|iPhoneSimulator.Build.0 = Release|Any CPU
		{982A1EE8-900E-435A-B27E-5A779A693651}.Release|Mixed Platforms.ActiveCfg = Release|Any CPU
		{982A1EE8-900E-435A-B27E-5A779A693651}.Release|Mixed Platforms.Build.0 = Release|Any CPU
		{982A1EE8-900E-435A-B27E-5A779A693651}.Release|x64.ActiveCfg = Release|Any CPU
		{982A1EE8-900E-435A-B27E-5A779A693651}.Release|x64.Build.0 = Release|Any CPU
		{982A1EE8-900E-435A-B27E-5A779A693651}.Release|x86.ActiveCfg = Release|Any CPU
		{982A1EE8-900E-435A-B27E-5A779A693651}.Release|x86.Build.0 = Release|Any CPU
		{82EF02F7-621D-48F2-BEA8-59146AA081CA}.Ad-Hoc|Any CPU.ActiveCfg = Release|x64
		{82EF02F7-621D-48F2-BEA8-59146AA081CA}.Ad-Hoc|Any CPU.Build.0 = Release|x64
		{82EF02F7-621D-48F2-BEA8-59146AA081CA}.Ad-Hoc|Any CPU.Deploy.0 = Release|x64
		{82EF02F7-621D-48F2-BEA8-59146AA081CA}.Ad-Hoc|ARM.ActiveCfg = Release|ARM
		{82EF02F7-621D-48F2-BEA8-59146AA081CA}.Ad-Hoc|ARM.Build.0 = Release|ARM
		{82EF02F7-621D-48F2-BEA8-59146AA081CA}.Ad-Hoc|ARM.Deploy.0 = Release|ARM
		{82EF02F7-621D-48F2-BEA8-59146AA081CA}.Ad-Hoc|iPhone.ActiveCfg = Release|x64
		{82EF02F7-621D-48F2-BEA8-59146AA081CA}.Ad-Hoc|iPhone.Build.0 = Release|x64
		{82EF02F7-621D-48F2-BEA8-59146AA081CA}.Ad-Hoc|iPhone.Deploy.0 = Release|x64
		{82EF02F7-621D-48F2-BEA8-59146AA081CA}.Ad-Hoc|iPhoneSimulator.ActiveCfg = Release|x64
		{82EF02F7-621D-48F2-BEA8-59146AA081CA}.Ad-Hoc|iPhoneSimulator.Build.0 = Release|x64
		{82EF02F7-621D-48F2-BEA8-59146AA081CA}.Ad-Hoc|iPhoneSimulator.Deploy.0 = Release|x64
		{82EF02F7-621D-48F2-BEA8-59146AA081CA}.Ad-Hoc|Mixed Platforms.ActiveCfg = Release|x86
		{82EF02F7-621D-48F2-BEA8-59146AA081CA}.Ad-Hoc|Mixed Platforms.Build.0 = Release|x86
		{82EF02F7-621D-48F2-BEA8-59146AA081CA}.Ad-Hoc|Mixed Platforms.Deploy.0 = Release|x86
		{82EF02F7-621D-48F2-BEA8-59146AA081CA}.Ad-Hoc|x64.ActiveCfg = Release|x64
		{82EF02F7-621D-48F2-BEA8-59146AA081CA}.Ad-Hoc|x64.Build.0 = Release|x64
		{82EF02F7-621D-48F2-BEA8-59146AA081CA}.Ad-Hoc|x64.Deploy.0 = Release|x64
		{82EF02F7-621D-48F2-BEA8-59146AA081CA}.Ad-Hoc|x86.ActiveCfg = Release|x86
		{82EF02F7-621D-48F2-BEA8-59146AA081CA}.Ad-Hoc|x86.Build.0 = Release|x86
		{82EF02F7-621D-48F2-BEA8-59146AA081CA}.Ad-Hoc|x86.Deploy.0 = Release|x86
		{82EF02F7-621D-48F2-BEA8-59146AA081CA}.AppStore|Any CPU.ActiveCfg = Release|x64
		{82EF02F7-621D-48F2-BEA8-59146AA081CA}.AppStore|Any CPU.Build.0 = Release|x64
		{82EF02F7-621D-48F2-BEA8-59146AA081CA}.AppStore|Any CPU.Deploy.0 = Release|x64
		{82EF02F7-621D-48F2-BEA8-59146AA081CA}.AppStore|ARM.ActiveCfg = Release|ARM
		{82EF02F7-621D-48F2-BEA8-59146AA081CA}.AppStore|ARM.Build.0 = Release|ARM
		{82EF02F7-621D-48F2-BEA8-59146AA081CA}.AppStore|ARM.Deploy.0 = Release|ARM
		{82EF02F7-621D-48F2-BEA8-59146AA081CA}.AppStore|iPhone.ActiveCfg = Release|x64
		{82EF02F7-621D-48F2-BEA8-59146AA081CA}.AppStore|iPhone.Build.0 = Release|x64
		{82EF02F7-621D-48F2-BEA8-59146AA081CA}.AppStore|iPhone.Deploy.0 = Release|x64
		{82EF02F7-621D-48F2-BEA8-59146AA081CA}.AppStore|iPhoneSimulator.ActiveCfg = Release|x64
		{82EF02F7-621D-48F2-BEA8-59146AA081CA}.AppStore|iPhoneSimulator.Build.0 = Release|x64
		{82EF02F7-621D-48F2-BEA8-59146AA081CA}.AppStore|iPhoneSimulator.Deploy.0 = Release|x64
		{82EF02F7-621D-48F2-BEA8-59146AA081CA}.AppStore|Mixed Platforms.ActiveCfg = Release|x86
		{82EF02F7-621D-48F2-BEA8-59146AA081CA}.AppStore|Mixed Platforms.Build.0 = Release|x86
		{82EF02F7-621D-48F2-BEA8-59146AA081CA}.AppStore|Mixed Platforms.Deploy.0 = Release|x86
		{82EF02F7-621D-48F2-BEA8-59146AA081CA}.AppStore|x64.ActiveCfg = Release|x64
		{82EF02F7-621D-48F2-BEA8-59146AA081CA}.AppStore|x64.Build.0 = Release|x64
		{82EF02F7-621D-48F2-BEA8-59146AA081CA}.AppStore|x64.Deploy.0 = Release|x64
		{82EF02F7-621D-48F2-BEA8-59146AA081CA}.AppStore|x86.ActiveCfg = Release|x86
		{82EF02F7-621D-48F2-BEA8-59146AA081CA}.AppStore|x86.Build.0 = Release|x86
		{82EF02F7-621D-48F2-BEA8-59146AA081CA}.AppStore|x86.Deploy.0 = Release|x86
		{82EF02F7-621D-48F2-BEA8-59146AA081CA}.Debug|Any CPU.ActiveCfg = Debug|x86
		{82EF02F7-621D-48F2-BEA8-59146AA081CA}.Debug|ARM.ActiveCfg = Debug|ARM
		{82EF02F7-621D-48F2-BEA8-59146AA081CA}.Debug|ARM.Build.0 = Debug|ARM
		{82EF02F7-621D-48F2-BEA8-59146AA081CA}.Debug|ARM.Deploy.0 = Debug|ARM
		{82EF02F7-621D-48F2-BEA8-59146AA081CA}.Debug|iPhone.ActiveCfg = Debug|x86
		{82EF02F7-621D-48F2-BEA8-59146AA081CA}.Debug|iPhoneSimulator.ActiveCfg = Debug|x86
		{82EF02F7-621D-48F2-BEA8-59146AA081CA}.Debug|Mixed Platforms.ActiveCfg = Debug|x86
		{82EF02F7-621D-48F2-BEA8-59146AA081CA}.Debug|Mixed Platforms.Build.0 = Debug|x86
		{82EF02F7-621D-48F2-BEA8-59146AA081CA}.Debug|Mixed Platforms.Deploy.0 = Debug|x86
		{82EF02F7-621D-48F2-BEA8-59146AA081CA}.Debug|x64.ActiveCfg = Debug|x64
		{82EF02F7-621D-48F2-BEA8-59146AA081CA}.Debug|x64.Build.0 = Debug|x64
		{82EF02F7-621D-48F2-BEA8-59146AA081CA}.Debug|x64.Deploy.0 = Debug|x64
		{82EF02F7-621D-48F2-BEA8-59146AA081CA}.Debug|x86.ActiveCfg = Debug|x86
		{82EF02F7-621D-48F2-BEA8-59146AA081CA}.Debug|x86.Build.0 = Debug|x86
		{82EF02F7-621D-48F2-BEA8-59146AA081CA}.Debug|x86.Deploy.0 = Debug|x86
		{82EF02F7-621D-48F2-BEA8-59146AA081CA}.Release|Any CPU.ActiveCfg = Release|x86
		{82EF02F7-621D-48F2-BEA8-59146AA081CA}.Release|ARM.ActiveCfg = Release|ARM
		{82EF02F7-621D-48F2-BEA8-59146AA081CA}.Release|ARM.Build.0 = Release|ARM
		{82EF02F7-621D-48F2-BEA8-59146AA081CA}.Release|ARM.Deploy.0 = Release|ARM
		{82EF02F7-621D-48F2-BEA8-59146AA081CA}.Release|iPhone.ActiveCfg = Release|x86
		{82EF02F7-621D-48F2-BEA8-59146AA081CA}.Release|iPhoneSimulator.ActiveCfg = Release|x86
		{82EF02F7-621D-48F2-BEA8-59146AA081CA}.Release|Mixed Platforms.ActiveCfg = Release|x86
		{82EF02F7-621D-48F2-BEA8-59146AA081CA}.Release|Mixed Platforms.Build.0 = Release|x86
		{82EF02F7-621D-48F2-BEA8-59146AA081CA}.Release|Mixed Platforms.Deploy.0 = Release|x86
		{82EF02F7-621D-48F2-BEA8-59146AA081CA}.Release|x64.ActiveCfg = Release|x64
		{82EF02F7-621D-48F2-BEA8-59146AA081CA}.Release|x64.Build.0 = Release|x64
		{82EF02F7-621D-48F2-BEA8-59146AA081CA}.Release|x64.Deploy.0 = Release|x64
		{82EF02F7-621D-48F2-BEA8-59146AA081CA}.Release|x86.ActiveCfg = Release|x86
		{82EF02F7-621D-48F2-BEA8-59146AA081CA}.Release|x86.Build.0 = Release|x86
		{82EF02F7-621D-48F2-BEA8-59146AA081CA}.Release|x86.Deploy.0 = Release|x86
		{A748D857-E221-42A2-9DC6-C2599D351E90}.Ad-Hoc|Any CPU.ActiveCfg = Release|Any CPU
		{A748D857-E221-42A2-9DC6-C2599D351E90}.Ad-Hoc|Any CPU.Build.0 = Release|Any CPU
		{A748D857-E221-42A2-9DC6-C2599D351E90}.Ad-Hoc|ARM.ActiveCfg = Release|Any CPU
		{A748D857-E221-42A2-9DC6-C2599D351E90}.Ad-Hoc|ARM.Build.0 = Release|Any CPU
		{A748D857-E221-42A2-9DC6-C2599D351E90}.Ad-Hoc|iPhone.ActiveCfg = Release|Any CPU
		{A748D857-E221-42A2-9DC6-C2599D351E90}.Ad-Hoc|iPhone.Build.0 = Release|Any CPU
		{A748D857-E221-42A2-9DC6-C2599D351E90}.Ad-Hoc|iPhoneSimulator.ActiveCfg = Release|Any CPU
		{A748D857-E221-42A2-9DC6-C2599D351E90}.Ad-Hoc|iPhoneSimulator.Build.0 = Release|Any CPU
		{A748D857-E221-42A2-9DC6-C2599D351E90}.Ad-Hoc|Mixed Platforms.ActiveCfg = Release|Any CPU
		{A748D857-E221-42A2-9DC6-C2599D351E90}.Ad-Hoc|Mixed Platforms.Build.0 = Release|Any CPU
		{A748D857-E221-42A2-9DC6-C2599D351E90}.Ad-Hoc|x64.ActiveCfg = Release|Any CPU
		{A748D857-E221-42A2-9DC6-C2599D351E90}.Ad-Hoc|x64.Build.0 = Release|Any CPU
		{A748D857-E221-42A2-9DC6-C2599D351E90}.Ad-Hoc|x86.ActiveCfg = Release|Any CPU
		{A748D857-E221-42A2-9DC6-C2599D351E90}.Ad-Hoc|x86.Build.0 = Release|Any CPU
		{A748D857-E221-42A2-9DC6-C2599D351E90}.AppStore|Any CPU.ActiveCfg = Release|Any CPU
		{A748D857-E221-42A2-9DC6-C2599D351E90}.AppStore|Any CPU.Build.0 = Release|Any CPU
		{A748D857-E221-42A2-9DC6-C2599D351E90}.AppStore|ARM.ActiveCfg = Release|Any CPU
		{A748D857-E221-42A2-9DC6-C2599D351E90}.AppStore|ARM.Build.0 = Release|Any CPU
		{A748D857-E221-42A2-9DC6-C2599D351E90}.AppStore|iPhone.ActiveCfg = Release|Any CPU
		{A748D857-E221-42A2-9DC6-C2599D351E90}.AppStore|iPhone.Build.0 = Release|Any CPU
		{A748D857-E221-42A2-9DC6-C2599D351E90}.AppStore|iPhoneSimulator.ActiveCfg = Release|Any CPU
		{A748D857-E221-42A2-9DC6-C2599D351E90}.AppStore|iPhoneSimulator.Build.0 = Release|Any CPU
		{A748D857-E221-42A2-9DC6-C2599D351E90}.AppStore|Mixed Platforms.ActiveCfg = Release|Any CPU
		{A748D857-E221-42A2-9DC6-C2599D351E90}.AppStore|Mixed Platforms.Build.0 = Release|Any CPU
		{A748D857-E221-42A2-9DC6-C2599D351E90}.AppStore|x64.ActiveCfg = Release|Any CPU
		{A748D857-E221-42A2-9DC6-C2599D351E90}.AppStore|x64.Build.0 = Release|Any CPU
		{A748D857-E221-42A2-9DC6-C2599D351E90}.AppStore|x86.ActiveCfg = Release|Any CPU
		{A748D857-E221-42A2-9DC6-C2599D351E90}.AppStore|x86.Build.0 = Release|Any CPU
		{A748D857-E221-42A2-9DC6-C2599D351E90}.Debug|Any CPU.ActiveCfg = Debug|Any CPU
		{A748D857-E221-42A2-9DC6-C2599D351E90}.Debug|Any CPU.Build.0 = Debug|Any CPU
		{A748D857-E221-42A2-9DC6-C2599D351E90}.Debug|ARM.ActiveCfg = Debug|Any CPU
		{A748D857-E221-42A2-9DC6-C2599D351E90}.Debug|ARM.Build.0 = Debug|Any CPU
		{A748D857-E221-42A2-9DC6-C2599D351E90}.Debug|iPhone.ActiveCfg = Debug|Any CPU
		{A748D857-E221-42A2-9DC6-C2599D351E90}.Debug|iPhone.Build.0 = Debug|Any CPU
		{A748D857-E221-42A2-9DC6-C2599D351E90}.Debug|iPhoneSimulator.ActiveCfg = Debug|Any CPU
		{A748D857-E221-42A2-9DC6-C2599D351E90}.Debug|iPhoneSimulator.Build.0 = Debug|Any CPU
		{A748D857-E221-42A2-9DC6-C2599D351E90}.Debug|Mixed Platforms.ActiveCfg = Debug|Any CPU
		{A748D857-E221-42A2-9DC6-C2599D351E90}.Debug|Mixed Platforms.Build.0 = Debug|Any CPU
		{A748D857-E221-42A2-9DC6-C2599D351E90}.Debug|x64.ActiveCfg = Debug|Any CPU
		{A748D857-E221-42A2-9DC6-C2599D351E90}.Debug|x64.Build.0 = Debug|Any CPU
		{A748D857-E221-42A2-9DC6-C2599D351E90}.Debug|x86.ActiveCfg = Debug|Any CPU
		{A748D857-E221-42A2-9DC6-C2599D351E90}.Debug|x86.Build.0 = Debug|Any CPU
		{A748D857-E221-42A2-9DC6-C2599D351E90}.Release|Any CPU.ActiveCfg = Release|Any CPU
		{A748D857-E221-42A2-9DC6-C2599D351E90}.Release|Any CPU.Build.0 = Release|Any CPU
		{A748D857-E221-42A2-9DC6-C2599D351E90}.Release|ARM.ActiveCfg = Release|Any CPU
		{A748D857-E221-42A2-9DC6-C2599D351E90}.Release|ARM.Build.0 = Release|Any CPU
		{A748D857-E221-42A2-9DC6-C2599D351E90}.Release|iPhone.ActiveCfg = Release|Any CPU
		{A748D857-E221-42A2-9DC6-C2599D351E90}.Release|iPhone.Build.0 = Release|Any CPU
		{A748D857-E221-42A2-9DC6-C2599D351E90}.Release|iPhoneSimulator.ActiveCfg = Release|Any CPU
		{A748D857-E221-42A2-9DC6-C2599D351E90}.Release|iPhoneSimulator.Build.0 = Release|Any CPU
		{A748D857-E221-42A2-9DC6-C2599D351E90}.Release|Mixed Platforms.ActiveCfg = Release|Any CPU
		{A748D857-E221-42A2-9DC6-C2599D351E90}.Release|Mixed Platforms.Build.0 = Release|Any CPU
		{A748D857-E221-42A2-9DC6-C2599D351E90}.Release|x64.ActiveCfg = Release|Any CPU
		{A748D857-E221-42A2-9DC6-C2599D351E90}.Release|x64.Build.0 = Release|Any CPU
		{A748D857-E221-42A2-9DC6-C2599D351E90}.Release|x86.ActiveCfg = Release|Any CPU
		{A748D857-E221-42A2-9DC6-C2599D351E90}.Release|x86.Build.0 = Release|Any CPU
	EndGlobalSection
	GlobalSection(SolutionProperties) = preSolution
		HideSolutionNode = FALSE
	EndGlobalSection
	GlobalSection(NestedProjects) = preSolution
		{98FDD85C-97C5-4C49-9CFD-E17498F194DB} = {3E523ACF-A6BA-4087-A736-5120415898BA}
		{659B4C97-FDF2-4311-ACE8-14504036C4D6} = {3E523ACF-A6BA-4087-A736-5120415898BA}
		{E1424569-4A10-4164-A99B-A3EBC7AFD469} = {3E523ACF-A6BA-4087-A736-5120415898BA}
		{A279A26E-E98C-432F-AE6A-CDCD57FE188D} = {3E523ACF-A6BA-4087-A736-5120415898BA}
		{2CF5FA8C-4A53-4DF2-BBB4-44003D8BF9CF} = {3E523ACF-A6BA-4087-A736-5120415898BA}
		{E4F5ED14-322F-4D88-870C-1F5D3F4E0820} = {3E523ACF-A6BA-4087-A736-5120415898BA}
		{82EF02F7-621D-48F2-BEA8-59146AA081CA} = {3E523ACF-A6BA-4087-A736-5120415898BA}
	EndGlobalSection
EndGlobal
