
Microsoft Visual Studio Solution File, Format Version 12.00
# Visual Studio Version 16
VisualStudioVersion = 16.0.29322.22
MinimumVisualStudioVersion = 10.0.40219.1
Project("{FAE04EC0-301F-11D3-BF4B-00C04F79EFBC}") = "ZeroconfTest.NetCore", "ZeroconfTest.NetFx\ZeroconfTest.NetCore.csproj", "{E1424569-4A10-4164-A99B-A3EBC7AFD469}"
EndProject
Project("{2150E333-8FDC-42A3-9474-1A3956D46DE8}") = "Solution Items", "Solution Items", "{48990F96-480D-4AAF-BBC2-FF765251DABE}"
	ProjectSection(SolutionItems) = preProject
		.editorconfig = .editorconfig
		azure-pipelines.yml = azure-pipelines.yml
		README.md = README.md
		version.json = version.json
	EndProjectSection
EndProject
Project("{2150E333-8FDC-42A3-9474-1A3956D46DE8}") = "Test Apps", "Test Apps", "{3E523ACF-A6BA-4087-A736-5120415898BA}"
EndProject
Project("{FAE04EC0-301F-11D3-BF4B-00C04F79EFBC}") = "ZeroconfTest.Xam.iOS", "ZeroconfTest.Xamarin\ZeroconfTest.Xamarin.iOS\ZeroconfTest.Xam.iOS.csproj", "{2CF5FA8C-4A53-4DF2-BBB4-44003D8BF9CF}"
EndProject
Project("{FAE04EC0-301F-11D3-BF4B-00C04F79EFBC}") = "ZeroconfTest.Xam.Android", "ZeroconfTest.Xamarin\ZeroconfTest.Xamarin.Android\ZeroconfTest.Xam.Android.csproj", "{E4F5ED14-322F-4D88-870C-1F5D3F4E0820}"
EndProject
Project("{FAE04EC0-301F-11D3-BF4B-00C04F79EFBC}") = "ZeroconfTest.UWP", "ZeroconfTest.UWP\ZeroconfTest.UWP.csproj", "{82EF02F7-621D-48F2-BEA8-59146AA081CA}"
EndProject
Project("{9A19103F-16F7-4668-BE54-9A1E7A4F7556}") = "Zeroconf", "Zeroconf\Zeroconf.csproj", "{493B9F32-83FA-4B6E-AD59-C071BAB47229}"
EndProject
Project("{9A19103F-16F7-4668-BE54-9A1E7A4F7556}") = "ZeroconfTest.Xam", "ZeroconfTest.Xamarin\ZeroconfTest.Xamarin\ZeroconfTest.Xam.csproj", "{2C61E999-CC6D-4181-86CA-2C037653CB93}"
EndProject
Global
	GlobalSection(SolutionConfigurationPlatforms) = preSolution
		Ad-Hoc|Any CPU = Ad-Hoc|Any CPU
		Ad-Hoc|ARM = Ad-Hoc|ARM
		Ad-Hoc|iPhone = Ad-Hoc|iPhone
		Ad-Hoc|iPhoneSimulator = Ad-Hoc|iPhoneSimulator
		Ad-Hoc|Mixed Platforms = Ad-Hoc|Mixed Platforms
		Ad-Hoc|x64 = Ad-Hoc|x64
		Ad-Hoc|x86 = Ad-Hoc|x86
		AppStore|Any CPU = AppStore|Any CPU
		AppStore|ARM = AppStore|ARM
		AppStore|iPhone = AppStore|iPhone
		AppStore|iPhoneSimulator = AppStore|iPhoneSimulator
		AppStore|Mixed Platforms = AppStore|Mixed Platforms
		AppStore|x64 = AppStore|x64
		AppStore|x86 = AppStore|x86
		Debug|Any CPU = Debug|Any CPU
		Debug|ARM = Debug|ARM
		Debug|iPhone = Debug|iPhone
		Debug|iPhoneSimulator = Debug|iPhoneSimulator
		Debug|Mixed Platforms = Debug|Mixed Platforms
		Debug|x64 = Debug|x64
		Debug|x86 = Debug|x86
		Release|Any CPU = Release|Any CPU
		Release|ARM = Release|ARM
		Release|iPhone = Release|iPhone
		Release|iPhoneSimulator = Release|iPhoneSimulator
		Release|Mixed Platforms = Release|Mixed Platforms
		Release|x64 = Release|x64
		Release|x86 = Release|x86
	EndGlobalSection
	GlobalSection(ProjectConfigurationPlatforms) = postSolution
		{E1424569-4A10-4164-A99B-A3EBC7AFD469}.Ad-Hoc|Any CPU.ActiveCfg = Release|Any CPU
		{E1424569-4A10-4164-A99B-A3EBC7AFD469}.Ad-Hoc|Any CPU.Build.0 = Release|Any CPU
		{E1424569-4A10-4164-A99B-A3EBC7AFD469}.Ad-Hoc|ARM.ActiveCfg = Release|Any CPU
		{E1424569-4A10-4164-A99B-A3EBC7AFD469}.Ad-Hoc|iPhone.ActiveCfg = Release|Any CPU
		{E1424569-4A10-4164-A99B-A3EBC7AFD469}.Ad-Hoc|iPhoneSimulator.ActiveCfg = Release|Any CPU
		{E1424569-4A10-4164-A99B-A3EBC7AFD469}.Ad-Hoc|Mixed Platforms.ActiveCfg = Release|Any CPU
		{E1424569-4A10-4164-A99B-A3EBC7AFD469}.Ad-Hoc|Mixed Platforms.Build.0 = Release|Any CPU
		{E1424569-4A10-4164-A99B-A3EBC7AFD469}.Ad-Hoc|x64.ActiveCfg = Release|Any CPU
		{E1424569-4A10-4164-A99B-A3EBC7AFD469}.Ad-Hoc|x86.ActiveCfg = Release|Any CPU
		{E1424569-4A10-4164-A99B-A3EBC7AFD469}.AppStore|Any CPU.ActiveCfg = Release|Any CPU
		{E1424569-4A10-4164-A99B-A3EBC7AFD469}.AppStore|Any CPU.Build.0 = Release|Any CPU
		{E1424569-4A10-4164-A99B-A3EBC7AFD469}.AppStore|ARM.ActiveCfg = Release|Any CPU
		{E1424569-4A10-4164-A99B-A3EBC7AFD469}.AppStore|iPhone.ActiveCfg = Release|Any CPU
		{E1424569-4A10-4164-A99B-A3EBC7AFD469}.AppStore|iPhoneSimulator.ActiveCfg = Release|Any CPU
		{E1424569-4A10-4164-A99B-A3EBC7AFD469}.AppStore|Mixed Platforms.ActiveCfg = Release|Any CPU
		{E1424569-4A10-4164-A99B-A3EBC7AFD469}.AppStore|Mixed Platforms.Build.0 = Release|Any CPU
		{E1424569-4A10-4164-A99B-A3EBC7AFD469}.AppStore|x64.ActiveCfg = Release|Any CPU
		{E1424569-4A10-4164-A99B-A3EBC7AFD469}.AppStore|x86.ActiveCfg = Release|Any CPU
		{E1424569-4A10-4164-A99B-A3EBC7AFD469}.Debug|Any CPU.ActiveCfg = Debug|Any CPU
		{E1424569-4A10-4164-A99B-A3EBC7AFD469}.Debug|Any CPU.Build.0 = Debug|Any CPU
		{E1424569-4A10-4164-A99B-A3EBC7AFD469}.Debug|ARM.ActiveCfg = Debug|Any CPU
		{E1424569-4A10-4164-A99B-A3EBC7AFD469}.Debug|iPhone.ActiveCfg = Debug|Any CPU
		{E1424569-4A10-4164-A99B-A3EBC7AFD469}.Debug|iPhoneSimulator.ActiveCfg = Debug|Any CPU
		{E1424569-4A10-4164-A99B-A3EBC7AFD469}.Debug|Mixed Platforms.ActiveCfg = Debug|Any CPU
		{E1424569-4A10-4164-A99B-A3EBC7AFD469}.Debug|Mixed Platforms.Build.0 = Debug|Any CPU
		{E1424569-4A10-4164-A99B-A3EBC7AFD469}.Debug|x64.ActiveCfg = Debug|Any CPU
		{E1424569-4A10-4164-A99B-A3EBC7AFD469}.Debug|x86.ActiveCfg = Debug|Any CPU
		{E1424569-4A10-4164-A99B-A3EBC7AFD469}.Release|Any CPU.ActiveCfg = Release|Any CPU
		{E1424569-4A10-4164-A99B-A3EBC7AFD469}.Release|Any CPU.Build.0 = Release|Any CPU
		{E1424569-4A10-4164-A99B-A3EBC7AFD469}.Release|ARM.ActiveCfg = Release|Any CPU
		{E1424569-4A10-4164-A99B-A3EBC7AFD469}.Release|iPhone.ActiveCfg = Release|Any CPU
		{E1424569-4A10-4164-A99B-A3EBC7AFD469}.Release|iPhoneSimulator.ActiveCfg = Release|Any CPU
		{E1424569-4A10-4164-A99B-A3EBC7AFD469}.Release|Mixed Platforms.ActiveCfg = Release|Any CPU
		{E1424569-4A10-4164-A99B-A3EBC7AFD469}.Release|Mixed Platforms.Build.0 = Release|Any CPU
		{E1424569-4A10-4164-A99B-A3EBC7AFD469}.Release|x64.ActiveCfg = Release|Any CPU
		{E1424569-4A10-4164-A99B-A3EBC7AFD469}.Release|x86.ActiveCfg = Release|Any CPU
		{2CF5FA8C-4A53-4DF2-BBB4-44003D8BF9CF}.Ad-Hoc|Any CPU.ActiveCfg = Ad-Hoc|iPhone
		{2CF5FA8C-4A53-4DF2-BBB4-44003D8BF9CF}.Ad-Hoc|ARM.ActiveCfg = Ad-Hoc|iPhone
		{2CF5FA8C-4A53-4DF2-BBB4-44003D8BF9CF}.Ad-Hoc|iPhone.ActiveCfg = Ad-Hoc|iPhone
		{2CF5FA8C-4A53-4DF2-BBB4-44003D8BF9CF}.Ad-Hoc|iPhone.Build.0 = Ad-Hoc|iPhone
		{2CF5FA8C-4A53-4DF2-BBB4-44003D8BF9CF}.Ad-Hoc|iPhone.Deploy.0 = Ad-Hoc|iPhone
		{2CF5FA8C-4A53-4DF2-BBB4-44003D8BF9CF}.Ad-Hoc|iPhoneSimulator.ActiveCfg = Ad-Hoc|iPhoneSimulator
		{2CF5FA8C-4A53-4DF2-BBB4-44003D8BF9CF}.Ad-Hoc|iPhoneSimulator.Build.0 = Ad-Hoc|iPhoneSimulator
		{2CF5FA8C-4A53-4DF2-BBB4-44003D8BF9CF}.Ad-Hoc|iPhoneSimulator.Deploy.0 = Ad-Hoc|iPhoneSimulator
		{2CF5FA8C-4A53-4DF2-BBB4-44003D8BF9CF}.Ad-Hoc|Mixed Platforms.ActiveCfg = Ad-Hoc|iPhone
		{2CF5FA8C-4A53-4DF2-BBB4-44003D8BF9CF}.Ad-Hoc|Mixed Platforms.Build.0 = Ad-Hoc|iPhone
		{2CF5FA8C-4A53-4DF2-BBB4-44003D8BF9CF}.Ad-Hoc|Mixed Platforms.Deploy.0 = Ad-Hoc|iPhone
		{2CF5FA8C-4A53-4DF2-BBB4-44003D8BF9CF}.Ad-Hoc|x64.ActiveCfg = Ad-Hoc|iPhone
		{2CF5FA8C-4A53-4DF2-BBB4-44003D8BF9CF}.Ad-Hoc|x86.ActiveCfg = Ad-Hoc|iPhone
		{2CF5FA8C-4A53-4DF2-BBB4-44003D8BF9CF}.AppStore|Any CPU.ActiveCfg = AppStore|iPhone
		{2CF5FA8C-4A53-4DF2-BBB4-44003D8BF9CF}.AppStore|ARM.ActiveCfg = AppStore|iPhone
		{2CF5FA8C-4A53-4DF2-BBB4-44003D8BF9CF}.AppStore|iPhone.ActiveCfg = AppStore|iPhone
		{2CF5FA8C-4A53-4DF2-BBB4-44003D8BF9CF}.AppStore|iPhone.Build.0 = AppStore|iPhone
		{2CF5FA8C-4A53-4DF2-BBB4-44003D8BF9CF}.AppStore|iPhone.Deploy.0 = AppStore|iPhone
		{2CF5FA8C-4A53-4DF2-BBB4-44003D8BF9CF}.AppStore|iPhoneSimulator.ActiveCfg = AppStore|iPhoneSimulator
		{2CF5FA8C-4A53-4DF2-BBB4-44003D8BF9CF}.AppStore|iPhoneSimulator.Build.0 = AppStore|iPhoneSimulator
		{2CF5FA8C-4A53-4DF2-BBB4-44003D8BF9CF}.AppStore|iPhoneSimulator.Deploy.0 = AppStore|iPhoneSimulator
		{2CF5FA8C-4A53-4DF2-BBB4-44003D8BF9CF}.AppStore|Mixed Platforms.ActiveCfg = AppStore|iPhone
		{2CF5FA8C-4A53-4DF2-BBB4-44003D8BF9CF}.AppStore|Mixed Platforms.Build.0 = AppStore|iPhone
		{2CF5FA8C-4A53-4DF2-BBB4-44003D8BF9CF}.AppStore|Mixed Platforms.Deploy.0 = AppStore|iPhone
		{2CF5FA8C-4A53-4DF2-BBB4-44003D8BF9CF}.AppStore|x64.ActiveCfg = AppStore|iPhone
		{2CF5FA8C-4A53-4DF2-BBB4-44003D8BF9CF}.AppStore|x86.ActiveCfg = AppStore|iPhone
		{2CF5FA8C-4A53-4DF2-BBB4-44003D8BF9CF}.Debug|Any CPU.ActiveCfg = Debug|iPhone
		{2CF5FA8C-4A53-4DF2-BBB4-44003D8BF9CF}.Debug|ARM.ActiveCfg = Debug|iPhone
		{2CF5FA8C-4A53-4DF2-BBB4-44003D8BF9CF}.Debug|iPhone.ActiveCfg = Debug|iPhone
		{2CF5FA8C-4A53-4DF2-BBB4-44003D8BF9CF}.Debug|iPhone.Build.0 = Debug|iPhone
		{2CF5FA8C-4A53-4DF2-BBB4-44003D8BF9CF}.Debug|iPhone.Deploy.0 = Debug|iPhone
		{2CF5FA8C-4A53-4DF2-BBB4-44003D8BF9CF}.Debug|iPhoneSimulator.ActiveCfg = Debug|iPhoneSimulator
		{2CF5FA8C-4A53-4DF2-BBB4-44003D8BF9CF}.Debug|iPhoneSimulator.Build.0 = Debug|iPhoneSimulator
		{2CF5FA8C-4A53-4DF2-BBB4-44003D8BF9CF}.Debug|iPhoneSimulator.Deploy.0 = Debug|iPhoneSimulator
		{2CF5FA8C-4A53-4DF2-BBB4-44003D8BF9CF}.Debug|Mixed Platforms.ActiveCfg = Debug|iPhone
		{2CF5FA8C-4A53-4DF2-BBB4-44003D8BF9CF}.Debug|Mixed Platforms.Build.0 = Debug|iPhone
		{2CF5FA8C-4A53-4DF2-BBB4-44003D8BF9CF}.Debug|Mixed Platforms.Deploy.0 = Debug|iPhone
		{2CF5FA8C-4A53-4DF2-BBB4-44003D8BF9CF}.Debug|x64.ActiveCfg = Debug|iPhone
		{2CF5FA8C-4A53-4DF2-BBB4-44003D8BF9CF}.Debug|x86.ActiveCfg = Debug|iPhone
		{2CF5FA8C-4A53-4DF2-BBB4-44003D8BF9CF}.Release|Any CPU.ActiveCfg = Release|iPhone
		{2CF5FA8C-4A53-4DF2-BBB4-44003D8BF9CF}.Release|ARM.ActiveCfg = Release|iPhone
		{2CF5FA8C-4A53-4DF2-BBB4-44003D8BF9CF}.Release|iPhone.ActiveCfg = Release|iPhone
		{2CF5FA8C-4A53-4DF2-BBB4-44003D8BF9CF}.Release|iPhone.Build.0 = Release|iPhone
		{2CF5FA8C-4A53-4DF2-BBB4-44003D8BF9CF}.Release|iPhone.Deploy.0 = Release|iPhone
		{2CF5FA8C-4A53-4DF2-BBB4-44003D8BF9CF}.Release|iPhoneSimulator.ActiveCfg = Release|iPhoneSimulator
		{2CF5FA8C-4A53-4DF2-BBB4-44003D8BF9CF}.Release|iPhoneSimulator.Build.0 = Release|iPhoneSimulator
		{2CF5FA8C-4A53-4DF2-BBB4-44003D8BF9CF}.Release|iPhoneSimulator.Deploy.0 = Release|iPhoneSimulator
		{2CF5FA8C-4A53-4DF2-BBB4-44003D8BF9CF}.Release|Mixed Platforms.ActiveCfg = Release|iPhone
		{2CF5FA8C-4A53-4DF2-BBB4-44003D8BF9CF}.Release|Mixed Platforms.Build.0 = Release|iPhone
		{2CF5FA8C-4A53-4DF2-BBB4-44003D8BF9CF}.Release|Mixed Platforms.Deploy.0 = Release|iPhone
		{2CF5FA8C-4A53-4DF2-BBB4-44003D8BF9CF}.Release|x64.ActiveCfg = Release|iPhone
		{2CF5FA8C-4A53-4DF2-BBB4-44003D8BF9CF}.Release|x86.ActiveCfg = Release|iPhone
		{E4F5ED14-322F-4D88-870C-1F5D3F4E0820}.Ad-Hoc|Any CPU.ActiveCfg = Release|Any CPU
		{E4F5ED14-322F-4D88-870C-1F5D3F4E0820}.Ad-Hoc|Any CPU.Build.0 = Release|Any CPU
		{E4F5ED14-322F-4D88-870C-1F5D3F4E0820}.Ad-Hoc|Any CPU.Deploy.0 = Release|Any CPU
		{E4F5ED14-322F-4D88-870C-1F5D3F4E0820}.Ad-Hoc|ARM.ActiveCfg = Release|Any CPU
		{E4F5ED14-322F-4D88-870C-1F5D3F4E0820}.Ad-Hoc|iPhone.ActiveCfg = Release|Any CPU
		{E4F5ED14-322F-4D88-870C-1F5D3F4E0820}.Ad-Hoc|iPhoneSimulator.ActiveCfg = Release|Any CPU
		{E4F5ED14-322F-4D88-870C-1F5D3F4E0820}.Ad-Hoc|Mixed Platforms.ActiveCfg = Release|Any CPU
		{E4F5ED14-322F-4D88-870C-1F5D3F4E0820}.Ad-Hoc|Mixed Platforms.Build.0 = Release|Any CPU
		{E4F5ED14-322F-4D88-870C-1F5D3F4E0820}.Ad-Hoc|Mixed Platforms.Deploy.0 = Release|Any CPU
		{E4F5ED14-322F-4D88-870C-1F5D3F4E0820}.Ad-Hoc|x64.ActiveCfg = Release|Any CPU
		{E4F5ED14-322F-4D88-870C-1F5D3F4E0820}.Ad-Hoc|x86.ActiveCfg = Release|Any CPU
		{E4F5ED14-322F-4D88-870C-1F5D3F4E0820}.AppStore|Any CPU.ActiveCfg = Release|Any CPU
		{E4F5ED14-322F-4D88-870C-1F5D3F4E0820}.AppStore|Any CPU.Build.0 = Release|Any CPU
		{E4F5ED14-322F-4D88-870C-1F5D3F4E0820}.AppStore|Any CPU.Deploy.0 = Release|Any CPU
		{E4F5ED14-322F-4D88-870C-1F5D3F4E0820}.AppStore|ARM.ActiveCfg = Release|Any CPU
		{E4F5ED14-322F-4D88-870C-1F5D3F4E0820}.AppStore|iPhone.ActiveCfg = Release|Any CPU
		{E4F5ED14-322F-4D88-870C-1F5D3F4E0820}.AppStore|iPhoneSimulator.ActiveCfg = Release|Any CPU
		{E4F5ED14-322F-4D88-870C-1F5D3F4E0820}.AppStore|Mixed Platforms.ActiveCfg = Release|Any CPU
		{E4F5ED14-322F-4D88-870C-1F5D3F4E0820}.AppStore|Mixed Platforms.Build.0 = Release|Any CPU
		{E4F5ED14-322F-4D88-870C-1F5D3F4E0820}.AppStore|Mixed Platforms.Deploy.0 = Release|Any CPU
		{E4F5ED14-322F-4D88-870C-1F5D3F4E0820}.AppStore|x64.ActiveCfg = Release|Any CPU
		{E4F5ED14-322F-4D88-870C-1F5D3F4E0820}.AppStore|x86.ActiveCfg = Release|Any CPU
		{E4F5ED14-322F-4D88-870C-1F5D3F4E0820}.Debug|Any CPU.ActiveCfg = Debug|Any CPU
		{E4F5ED14-322F-4D88-870C-1F5D3F4E0820}.Debug|Any CPU.Build.0 = Debug|Any CPU
		{E4F5ED14-322F-4D88-870C-1F5D3F4E0820}.Debug|Any CPU.Deploy.0 = Debug|Any CPU
		{E4F5ED14-322F-4D88-870C-1F5D3F4E0820}.Debug|ARM.ActiveCfg = Debug|Any CPU
		{E4F5ED14-322F-4D88-870C-1F5D3F4E0820}.Debug|iPhone.ActiveCfg = Debug|Any CPU
		{E4F5ED14-322F-4D88-870C-1F5D3F4E0820}.Debug|iPhoneSimulator.ActiveCfg = Debug|Any CPU
		{E4F5ED14-322F-4D88-870C-1F5D3F4E0820}.Debug|Mixed Platforms.ActiveCfg = Debug|Any CPU
		{E4F5ED14-322F-4D88-870C-1F5D3F4E0820}.Debug|Mixed Platforms.Build.0 = Debug|Any CPU
		{E4F5ED14-322F-4D88-870C-1F5D3F4E0820}.Debug|Mixed Platforms.Deploy.0 = Debug|Any CPU
		{E4F5ED14-322F-4D88-870C-1F5D3F4E0820}.Debug|x64.ActiveCfg = Debug|Any CPU
		{E4F5ED14-322F-4D88-870C-1F5D3F4E0820}.Debug|x86.ActiveCfg = Debug|Any CPU
		{E4F5ED14-322F-4D88-870C-1F5D3F4E0820}.Release|Any CPU.ActiveCfg = Release|Any CPU
		{E4F5ED14-322F-4D88-870C-1F5D3F4E0820}.Release|Any CPU.Build.0 = Release|Any CPU
		{E4F5ED14-322F-4D88-870C-1F5D3F4E0820}.Release|Any CPU.Deploy.0 = Release|Any CPU
		{E4F5ED14-322F-4D88-870C-1F5D3F4E0820}.Release|ARM.ActiveCfg = Release|Any CPU
		{E4F5ED14-322F-4D88-870C-1F5D3F4E0820}.Release|iPhone.ActiveCfg = Release|Any CPU
		{E4F5ED14-322F-4D88-870C-1F5D3F4E0820}.Release|iPhoneSimulator.ActiveCfg = Release|Any CPU
		{E4F5ED14-322F-4D88-870C-1F5D3F4E0820}.Release|Mixed Platforms.ActiveCfg = Release|Any CPU
		{E4F5ED14-322F-4D88-870C-1F5D3F4E0820}.Release|Mixed Platforms.Build.0 = Release|Any CPU
		{E4F5ED14-322F-4D88-870C-1F5D3F4E0820}.Release|Mixed Platforms.Deploy.0 = Release|Any CPU
		{E4F5ED14-322F-4D88-870C-1F5D3F4E0820}.Release|x64.ActiveCfg = Release|Any CPU
		{E4F5ED14-322F-4D88-870C-1F5D3F4E0820}.Release|x86.ActiveCfg = Release|Any CPU
		{82EF02F7-621D-48F2-BEA8-59146AA081CA}.Ad-Hoc|Any CPU.ActiveCfg = Release|x64
		{82EF02F7-621D-48F2-BEA8-59146AA081CA}.Ad-Hoc|Any CPU.Build.0 = Release|x64
		{82EF02F7-621D-48F2-BEA8-59146AA081CA}.Ad-Hoc|Any CPU.Deploy.0 = Release|x64
		{82EF02F7-621D-48F2-BEA8-59146AA081CA}.Ad-Hoc|ARM.ActiveCfg = Release|ARM
		{82EF02F7-621D-48F2-BEA8-59146AA081CA}.Ad-Hoc|ARM.Build.0 = Release|ARM
		{82EF02F7-621D-48F2-BEA8-59146AA081CA}.Ad-Hoc|ARM.Deploy.0 = Release|ARM
		{82EF02F7-621D-48F2-BEA8-59146AA081CA}.Ad-Hoc|iPhone.ActiveCfg = Release|x64
		{82EF02F7-621D-48F2-BEA8-59146AA081CA}.Ad-Hoc|iPhone.Build.0 = Release|x64
		{82EF02F7-621D-48F2-BEA8-59146AA081CA}.Ad-Hoc|iPhone.Deploy.0 = Release|x64
		{82EF02F7-621D-48F2-BEA8-59146AA081CA}.Ad-Hoc|iPhoneSimulator.ActiveCfg = Release|x64
		{82EF02F7-621D-48F2-BEA8-59146AA081CA}.Ad-Hoc|iPhoneSimulator.Build.0 = Release|x64
		{82EF02F7-621D-48F2-BEA8-59146AA081CA}.Ad-Hoc|iPhoneSimulator.Deploy.0 = Release|x64
		{82EF02F7-621D-48F2-BEA8-59146AA081CA}.Ad-Hoc|Mixed Platforms.ActiveCfg = Release|x86
		{82EF02F7-621D-48F2-BEA8-59146AA081CA}.Ad-Hoc|Mixed Platforms.Build.0 = Release|x86
		{82EF02F7-621D-48F2-BEA8-59146AA081CA}.Ad-Hoc|Mixed Platforms.Deploy.0 = Release|x86
		{82EF02F7-621D-48F2-BEA8-59146AA081CA}.Ad-Hoc|x64.ActiveCfg = Release|x64
		{82EF02F7-621D-48F2-BEA8-59146AA081CA}.Ad-Hoc|x64.Build.0 = Release|x64
		{82EF02F7-621D-48F2-BEA8-59146AA081CA}.Ad-Hoc|x64.Deploy.0 = Release|x64
		{82EF02F7-621D-48F2-BEA8-59146AA081CA}.Ad-Hoc|x86.ActiveCfg = Release|x86
		{82EF02F7-621D-48F2-BEA8-59146AA081CA}.Ad-Hoc|x86.Build.0 = Release|x86
		{82EF02F7-621D-48F2-BEA8-59146AA081CA}.Ad-Hoc|x86.Deploy.0 = Release|x86
		{82EF02F7-621D-48F2-BEA8-59146AA081CA}.AppStore|Any CPU.ActiveCfg = Release|x64
		{82EF02F7-621D-48F2-BEA8-59146AA081CA}.AppStore|Any CPU.Build.0 = Release|x64
		{82EF02F7-621D-48F2-BEA8-59146AA081CA}.AppStore|Any CPU.Deploy.0 = Release|x64
		{82EF02F7-621D-48F2-BEA8-59146AA081CA}.AppStore|ARM.ActiveCfg = Release|ARM
		{82EF02F7-621D-48F2-BEA8-59146AA081CA}.AppStore|ARM.Build.0 = Release|ARM
		{82EF02F7-621D-48F2-BEA8-59146AA081CA}.AppStore|ARM.Deploy.0 = Release|ARM
		{82EF02F7-621D-48F2-BEA8-59146AA081CA}.AppStore|iPhone.ActiveCfg = Release|x64
		{82EF02F7-621D-48F2-BEA8-59146AA081CA}.AppStore|iPhone.Build.0 = Release|x64
		{82EF02F7-621D-48F2-BEA8-59146AA081CA}.AppStore|iPhone.Deploy.0 = Release|x64
		{82EF02F7-621D-48F2-BEA8-59146AA081CA}.AppStore|iPhoneSimulator.ActiveCfg = Release|x64
		{82EF02F7-621D-48F2-BEA8-59146AA081CA}.AppStore|iPhoneSimulator.Build.0 = Release|x64
		{82EF02F7-621D-48F2-BEA8-59146AA081CA}.AppStore|iPhoneSimulator.Deploy.0 = Release|x64
		{82EF02F7-621D-48F2-BEA8-59146AA081CA}.AppStore|Mixed Platforms.ActiveCfg = Release|x86
		{82EF02F7-621D-48F2-BEA8-59146AA081CA}.AppStore|Mixed Platforms.Build.0 = Release|x86
		{82EF02F7-621D-48F2-BEA8-59146AA081CA}.AppStore|Mixed Platforms.Deploy.0 = Release|x86
		{82EF02F7-621D-48F2-BEA8-59146AA081CA}.AppStore|x64.ActiveCfg = Release|x64
		{82EF02F7-621D-48F2-BEA8-59146AA081CA}.AppStore|x64.Build.0 = Release|x64
		{82EF02F7-621D-48F2-BEA8-59146AA081CA}.AppStore|x64.Deploy.0 = Release|x64
		{82EF02F7-621D-48F2-BEA8-59146AA081CA}.AppStore|x86.ActiveCfg = Release|x86
		{82EF02F7-621D-48F2-BEA8-59146AA081CA}.AppStore|x86.Build.0 = Release|x86
		{82EF02F7-621D-48F2-BEA8-59146AA081CA}.AppStore|x86.Deploy.0 = Release|x86
		{82EF02F7-621D-48F2-BEA8-59146AA081CA}.Debug|Any CPU.ActiveCfg = Debug|x86
		{82EF02F7-621D-48F2-BEA8-59146AA081CA}.Debug|ARM.ActiveCfg = Debug|ARM
		{82EF02F7-621D-48F2-BEA8-59146AA081CA}.Debug|ARM.Build.0 = Debug|ARM
		{82EF02F7-621D-48F2-BEA8-59146AA081CA}.Debug|ARM.Deploy.0 = Debug|ARM
		{82EF02F7-621D-48F2-BEA8-59146AA081CA}.Debug|iPhone.ActiveCfg = Debug|x86
		{82EF02F7-621D-48F2-BEA8-59146AA081CA}.Debug|iPhoneSimulator.ActiveCfg = Debug|x86
		{82EF02F7-621D-48F2-BEA8-59146AA081CA}.Debug|Mixed Platforms.ActiveCfg = Debug|x86
		{82EF02F7-621D-48F2-BEA8-59146AA081CA}.Debug|Mixed Platforms.Build.0 = Debug|x86
		{82EF02F7-621D-48F2-BEA8-59146AA081CA}.Debug|Mixed Platforms.Deploy.0 = Debug|x86
		{82EF02F7-621D-48F2-BEA8-59146AA081CA}.Debug|x64.ActiveCfg = Debug|x64
		{82EF02F7-621D-48F2-BEA8-59146AA081CA}.Debug|x64.Build.0 = Debug|x64
		{82EF02F7-621D-48F2-BEA8-59146AA081CA}.Debug|x64.Deploy.0 = Debug|x64
		{82EF02F7-621D-48F2-BEA8-59146AA081CA}.Debug|x86.ActiveCfg = Debug|x86
		{82EF02F7-621D-48F2-BEA8-59146AA081CA}.Debug|x86.Build.0 = Debug|x86
		{82EF02F7-621D-48F2-BEA8-59146AA081CA}.Debug|x86.Deploy.0 = Debug|x86
		{82EF02F7-621D-48F2-BEA8-59146AA081CA}.Release|Any CPU.ActiveCfg = Release|x86
		{82EF02F7-621D-48F2-BEA8-59146AA081CA}.Release|ARM.ActiveCfg = Release|ARM
		{82EF02F7-621D-48F2-BEA8-59146AA081CA}.Release|ARM.Build.0 = Release|ARM
		{82EF02F7-621D-48F2-BEA8-59146AA081CA}.Release|ARM.Deploy.0 = Release|ARM
		{82EF02F7-621D-48F2-BEA8-59146AA081CA}.Release|iPhone.ActiveCfg = Release|x86
		{82EF02F7-621D-48F2-BEA8-59146AA081CA}.Release|iPhoneSimulator.ActiveCfg = Release|x86
		{82EF02F7-621D-48F2-BEA8-59146AA081CA}.Release|Mixed Platforms.ActiveCfg = Release|x86
		{82EF02F7-621D-48F2-BEA8-59146AA081CA}.Release|Mixed Platforms.Build.0 = Release|x86
		{82EF02F7-621D-48F2-BEA8-59146AA081CA}.Release|Mixed Platforms.Deploy.0 = Release|x86
		{82EF02F7-621D-48F2-BEA8-59146AA081CA}.Release|x64.ActiveCfg = Release|x64
		{82EF02F7-621D-48F2-BEA8-59146AA081CA}.Release|x64.Build.0 = Release|x64
		{82EF02F7-621D-48F2-BEA8-59146AA081CA}.Release|x64.Deploy.0 = Release|x64
		{82EF02F7-621D-48F2-BEA8-59146AA081CA}.Release|x86.ActiveCfg = Release|x86
		{82EF02F7-621D-48F2-BEA8-59146AA081CA}.Release|x86.Build.0 = Release|x86
		{82EF02F7-621D-48F2-BEA8-59146AA081CA}.Release|x86.Deploy.0 = Release|x86
		{493B9F32-83FA-4B6E-AD59-C071BAB47229}.Ad-Hoc|Any CPU.ActiveCfg = Release|Any CPU
		{493B9F32-83FA-4B6E-AD59-C071BAB47229}.Ad-Hoc|Any CPU.Build.0 = Release|Any CPU
		{493B9F32-83FA-4B6E-AD59-C071BAB47229}.Ad-Hoc|ARM.ActiveCfg = Release|Any CPU
		{493B9F32-83FA-4B6E-AD59-C071BAB47229}.Ad-Hoc|ARM.Build.0 = Release|Any CPU
		{493B9F32-83FA-4B6E-AD59-C071BAB47229}.Ad-Hoc|iPhone.ActiveCfg = Release|Any CPU
		{493B9F32-83FA-4B6E-AD59-C071BAB47229}.Ad-Hoc|iPhone.Build.0 = Release|Any CPU
		{493B9F32-83FA-4B6E-AD59-C071BAB47229}.Ad-Hoc|iPhoneSimulator.ActiveCfg = Release|Any CPU
		{493B9F32-83FA-4B6E-AD59-C071BAB47229}.Ad-Hoc|iPhoneSimulator.Build.0 = Release|Any CPU
		{493B9F32-83FA-4B6E-AD59-C071BAB47229}.Ad-Hoc|Mixed Platforms.ActiveCfg = Release|Any CPU
		{493B9F32-83FA-4B6E-AD59-C071BAB47229}.Ad-Hoc|Mixed Platforms.Build.0 = Release|Any CPU
		{493B9F32-83FA-4B6E-AD59-C071BAB47229}.Ad-Hoc|x64.ActiveCfg = Release|Any CPU
		{493B9F32-83FA-4B6E-AD59-C071BAB47229}.Ad-Hoc|x64.Build.0 = Release|Any CPU
		{493B9F32-83FA-4B6E-AD59-C071BAB47229}.Ad-Hoc|x86.ActiveCfg = Release|Any CPU
		{493B9F32-83FA-4B6E-AD59-C071BAB47229}.Ad-Hoc|x86.Build.0 = Release|Any CPU
		{493B9F32-83FA-4B6E-AD59-C071BAB47229}.AppStore|Any CPU.ActiveCfg = Release|Any CPU
		{493B9F32-83FA-4B6E-AD59-C071BAB47229}.AppStore|Any CPU.Build.0 = Release|Any CPU
		{493B9F32-83FA-4B6E-AD59-C071BAB47229}.AppStore|ARM.ActiveCfg = Release|Any CPU
		{493B9F32-83FA-4B6E-AD59-C071BAB47229}.AppStore|ARM.Build.0 = Release|Any CPU
		{493B9F32-83FA-4B6E-AD59-C071BAB47229}.AppStore|iPhone.ActiveCfg = Release|Any CPU
		{493B9F32-83FA-4B6E-AD59-C071BAB47229}.AppStore|iPhone.Build.0 = Release|Any CPU
		{493B9F32-83FA-4B6E-AD59-C071BAB47229}.AppStore|iPhoneSimulator.ActiveCfg = Release|Any CPU
		{493B9F32-83FA-4B6E-AD59-C071BAB47229}.AppStore|iPhoneSimulator.Build.0 = Release|Any CPU
		{493B9F32-83FA-4B6E-AD59-C071BAB47229}.AppStore|Mixed Platforms.ActiveCfg = Release|Any CPU
		{493B9F32-83FA-4B6E-AD59-C071BAB47229}.AppStore|Mixed Platforms.Build.0 = Release|Any CPU
		{493B9F32-83FA-4B6E-AD59-C071BAB47229}.AppStore|x64.ActiveCfg = Release|Any CPU
		{493B9F32-83FA-4B6E-AD59-C071BAB47229}.AppStore|x64.Build.0 = Release|Any CPU
		{493B9F32-83FA-4B6E-AD59-C071BAB47229}.AppStore|x86.ActiveCfg = Release|Any CPU
		{493B9F32-83FA-4B6E-AD59-C071BAB47229}.AppStore|x86.Build.0 = Release|Any CPU
		{493B9F32-83FA-4B6E-AD59-C071BAB47229}.Debug|Any CPU.ActiveCfg = Debug|Any CPU
		{493B9F32-83FA-4B6E-AD59-C071BAB47229}.Debug|Any CPU.Build.0 = Debug|Any CPU
		{493B9F32-83FA-4B6E-AD59-C071BAB47229}.Debug|ARM.ActiveCfg = Debug|Any CPU
		{493B9F32-83FA-4B6E-AD59-C071BAB47229}.Debug|ARM.Build.0 = Debug|Any CPU
		{493B9F32-83FA-4B6E-AD59-C071BAB47229}.Debug|iPhone.ActiveCfg = Debug|Any CPU
		{493B9F32-83FA-4B6E-AD59-C071BAB47229}.Debug|iPhone.Build.0 = Debug|Any CPU
		{493B9F32-83FA-4B6E-AD59-C071BAB47229}.Debug|iPhoneSimulator.ActiveCfg = Debug|Any CPU
		{493B9F32-83FA-4B6E-AD59-C071BAB47229}.Debug|iPhoneSimulator.Build.0 = Debug|Any CPU
		{493B9F32-83FA-4B6E-AD59-C071BAB47229}.Debug|Mixed Platforms.ActiveCfg = Debug|Any CPU
		{493B9F32-83FA-4B6E-AD59-C071BAB47229}.Debug|Mixed Platforms.Build.0 = Debug|Any CPU
		{493B9F32-83FA-4B6E-AD59-C071BAB47229}.Debug|x64.ActiveCfg = Debug|Any CPU
		{493B9F32-83FA-4B6E-AD59-C071BAB47229}.Debug|x64.Build.0 = Debug|Any CPU
		{493B9F32-83FA-4B6E-AD59-C071BAB47229}.Debug|x86.ActiveCfg = Debug|Any CPU
		{493B9F32-83FA-4B6E-AD59-C071BAB47229}.Debug|x86.Build.0 = Debug|Any CPU
		{493B9F32-83FA-4B6E-AD59-C071BAB47229}.Release|Any CPU.ActiveCfg = Release|Any CPU
		{493B9F32-83FA-4B6E-AD59-C071BAB47229}.Release|Any CPU.Build.0 = Release|Any CPU
		{493B9F32-83FA-4B6E-AD59-C071BAB47229}.Release|ARM.ActiveCfg = Release|Any CPU
		{493B9F32-83FA-4B6E-AD59-C071BAB47229}.Release|ARM.Build.0 = Release|Any CPU
		{493B9F32-83FA-4B6E-AD59-C071BAB47229}.Release|iPhone.ActiveCfg = Release|Any CPU
		{493B9F32-83FA-4B6E-AD59-C071BAB47229}.Release|iPhone.Build.0 = Release|Any CPU
		{493B9F32-83FA-4B6E-AD59-C071BAB47229}.Release|iPhoneSimulator.ActiveCfg = Release|Any CPU
		{493B9F32-83FA-4B6E-AD59-C071BAB47229}.Release|iPhoneSimulator.Build.0 = Release|Any CPU
		{493B9F32-83FA-4B6E-AD59-C071BAB47229}.Release|Mixed Platforms.ActiveCfg = Release|Any CPU
		{493B9F32-83FA-4B6E-AD59-C071BAB47229}.Release|Mixed Platforms.Build.0 = Release|Any CPU
		{493B9F32-83FA-4B6E-AD59-C071BAB47229}.Release|x64.ActiveCfg = Release|Any CPU
		{493B9F32-83FA-4B6E-AD59-C071BAB47229}.Release|x64.Build.0 = Release|Any CPU
		{493B9F32-83FA-4B6E-AD59-C071BAB47229}.Release|x86.ActiveCfg = Release|Any CPU
		{493B9F32-83FA-4B6E-AD59-C071BAB47229}.Release|x86.Build.0 = Release|Any CPU
		{2C61E999-CC6D-4181-86CA-2C037653CB93}.Ad-Hoc|Any CPU.ActiveCfg = Debug|Any CPU
		{2C61E999-CC6D-4181-86CA-2C037653CB93}.Ad-Hoc|Any CPU.Build.0 = Debug|Any CPU
		{2C61E999-CC6D-4181-86CA-2C037653CB93}.Ad-Hoc|ARM.ActiveCfg = Debug|Any CPU
		{2C61E999-CC6D-4181-86CA-2C037653CB93}.Ad-Hoc|ARM.Build.0 = Debug|Any CPU
		{2C61E999-CC6D-4181-86CA-2C037653CB93}.Ad-Hoc|iPhone.ActiveCfg = Debug|Any CPU
		{2C61E999-CC6D-4181-86CA-2C037653CB93}.Ad-Hoc|iPhone.Build.0 = Debug|Any CPU
		{2C61E999-CC6D-4181-86CA-2C037653CB93}.Ad-Hoc|iPhoneSimulator.ActiveCfg = Debug|Any CPU
		{2C61E999-CC6D-4181-86CA-2C037653CB93}.Ad-Hoc|iPhoneSimulator.Build.0 = Debug|Any CPU
		{2C61E999-CC6D-4181-86CA-2C037653CB93}.Ad-Hoc|Mixed Platforms.ActiveCfg = Debug|Any CPU
		{2C61E999-CC6D-4181-86CA-2C037653CB93}.Ad-Hoc|Mixed Platforms.Build.0 = Debug|Any CPU
		{2C61E999-CC6D-4181-86CA-2C037653CB93}.Ad-Hoc|x64.ActiveCfg = Debug|Any CPU
		{2C61E999-CC6D-4181-86CA-2C037653CB93}.Ad-Hoc|x64.Build.0 = Debug|Any CPU
		{2C61E999-CC6D-4181-86CA-2C037653CB93}.Ad-Hoc|x86.ActiveCfg = Debug|Any CPU
		{2C61E999-CC6D-4181-86CA-2C037653CB93}.Ad-Hoc|x86.Build.0 = Debug|Any CPU
		{2C61E999-CC6D-4181-86CA-2C037653CB93}.AppStore|Any CPU.ActiveCfg = Debug|Any CPU
		{2C61E999-CC6D-4181-86CA-2C037653CB93}.AppStore|Any CPU.Build.0 = Debug|Any CPU
		{2C61E999-CC6D-4181-86CA-2C037653CB93}.AppStore|ARM.ActiveCfg = Debug|Any CPU
		{2C61E999-CC6D-4181-86CA-2C037653CB93}.AppStore|ARM.Build.0 = Debug|Any CPU
		{2C61E999-CC6D-4181-86CA-2C037653CB93}.AppStore|iPhone.ActiveCfg = Debug|Any CPU
		{2C61E999-CC6D-4181-86CA-2C037653CB93}.AppStore|iPhone.Build.0 = Debug|Any CPU
		{2C61E999-CC6D-4181-86CA-2C037653CB93}.AppStore|iPhoneSimulator.ActiveCfg = Debug|Any CPU
		{2C61E999-CC6D-4181-86CA-2C037653CB93}.AppStore|iPhoneSimulator.Build.0 = Debug|Any CPU
		{2C61E999-CC6D-4181-86CA-2C037653CB93}.AppStore|Mixed Platforms.ActiveCfg = Debug|Any CPU
		{2C61E999-CC6D-4181-86CA-2C037653CB93}.AppStore|Mixed Platforms.Build.0 = Debug|Any CPU
		{2C61E999-CC6D-4181-86CA-2C037653CB93}.AppStore|x64.ActiveCfg = Debug|Any CPU
		{2C61E999-CC6D-4181-86CA-2C037653CB93}.AppStore|x64.Build.0 = Debug|Any CPU
		{2C61E999-CC6D-4181-86CA-2C037653CB93}.AppStore|x86.ActiveCfg = Debug|Any CPU
		{2C61E999-CC6D-4181-86CA-2C037653CB93}.AppStore|x86.Build.0 = Debug|Any CPU
		{2C61E999-CC6D-4181-86CA-2C037653CB93}.Debug|Any CPU.ActiveCfg = Debug|Any CPU
		{2C61E999-CC6D-4181-86CA-2C037653CB93}.Debug|Any CPU.Build.0 = Debug|Any CPU
		{2C61E999-CC6D-4181-86CA-2C037653CB93}.Debug|ARM.ActiveCfg = Debug|Any CPU
		{2C61E999-CC6D-4181-86CA-2C037653CB93}.Debug|ARM.Build.0 = Debug|Any CPU
		{2C61E999-CC6D-4181-86CA-2C037653CB93}.Debug|iPhone.ActiveCfg = Debug|Any CPU
		{2C61E999-CC6D-4181-86CA-2C037653CB93}.Debug|iPhone.Build.0 = Debug|Any CPU
		{2C61E999-CC6D-4181-86CA-2C037653CB93}.Debug|iPhoneSimulator.ActiveCfg = Debug|Any CPU
		{2C61E999-CC6D-4181-86CA-2C037653CB93}.Debug|iPhoneSimulator.Build.0 = Debug|Any CPU
		{2C61E999-CC6D-4181-86CA-2C037653CB93}.Debug|Mixed Platforms.ActiveCfg = Debug|Any CPU
		{2C61E999-CC6D-4181-86CA-2C037653CB93}.Debug|Mixed Platforms.Build.0 = Debug|Any CPU
		{2C61E999-CC6D-4181-86CA-2C037653CB93}.Debug|x64.ActiveCfg = Debug|Any CPU
		{2C61E999-CC6D-4181-86CA-2C037653CB93}.Debug|x64.Build.0 = Debug|Any CPU
		{2C61E999-CC6D-4181-86CA-2C037653CB93}.Debug|x86.ActiveCfg = Debug|Any CPU
		{2C61E999-CC6D-4181-86CA-2C037653CB93}.Debug|x86.Build.0 = Debug|Any CPU
		{2C61E999-CC6D-4181-86CA-2C037653CB93}.Release|Any CPU.ActiveCfg = Release|Any CPU
		{2C61E999-CC6D-4181-86CA-2C037653CB93}.Release|Any CPU.Build.0 = Release|Any CPU
		{2C61E999-CC6D-4181-86CA-2C037653CB93}.Release|ARM.ActiveCfg = Release|Any CPU
		{2C61E999-CC6D-4181-86CA-2C037653CB93}.Release|ARM.Build.0 = Release|Any CPU
		{2C61E999-CC6D-4181-86CA-2C037653CB93}.Release|iPhone.ActiveCfg = Release|Any CPU
		{2C61E999-CC6D-4181-86CA-2C037653CB93}.Release|iPhone.Build.0 = Release|Any CPU
		{2C61E999-CC6D-4181-86CA-2C037653CB93}.Release|iPhoneSimulator.ActiveCfg = Release|Any CPU
		{2C61E999-CC6D-4181-86CA-2C037653CB93}.Release|iPhoneSimulator.Build.0 = Release|Any CPU
		{2C61E999-CC6D-4181-86CA-2C037653CB93}.Release|Mixed Platforms.ActiveCfg = Release|Any CPU
		{2C61E999-CC6D-4181-86CA-2C037653CB93}.Release|Mixed Platforms.Build.0 = Release|Any CPU
		{2C61E999-CC6D-4181-86CA-2C037653CB93}.Release|x64.ActiveCfg = Release|Any CPU
		{2C61E999-CC6D-4181-86CA-2C037653CB93}.Release|x64.Build.0 = Release|Any CPU
		{2C61E999-CC6D-4181-86CA-2C037653CB93}.Release|x86.ActiveCfg = Release|Any CPU
		{2C61E999-CC6D-4181-86CA-2C037653CB93}.Release|x86.Build.0 = Release|Any CPU
	EndGlobalSection
	GlobalSection(SolutionProperties) = preSolution
		HideSolutionNode = FALSE
	EndGlobalSection
	GlobalSection(NestedProjects) = preSolution
		{E1424569-4A10-4164-A99B-A3EBC7AFD469} = {3E523ACF-A6BA-4087-A736-5120415898BA}
		{2CF5FA8C-4A53-4DF2-BBB4-44003D8BF9CF} = {3E523ACF-A6BA-4087-A736-5120415898BA}
		{E4F5ED14-322F-4D88-870C-1F5D3F4E0820} = {3E523ACF-A6BA-4087-A736-5120415898BA}
		{82EF02F7-621D-48F2-BEA8-59146AA081CA} = {3E523ACF-A6BA-4087-A736-5120415898BA}
		{2C61E999-CC6D-4181-86CA-2C037653CB93} = {3E523ACF-A6BA-4087-A736-5120415898BA}
	EndGlobalSection
	GlobalSection(ExtensibilityGlobals) = postSolution
		SolutionGuid = {3855EA78-BF7E-4CBD-908F-F4C8E24057E5}
	EndGlobalSection
EndGlobal
