
Microsoft Visual Studio Solution File, Format Version 12.00
# Visual Studio 2012
Project("{FAE04EC0-301F-11D3-BF4B-00C04F79EFBC}") = "Zeroconf.RT", "Zeroconf.RT\Zeroconf.RT.csproj", "{B3534F12-4701-4193-83EE-FAD2C4F9A629}"
EndProject
Project("{FAE04EC0-301F-11D3-BF4B-00C04F79EFBC}") = "ZeroconfTest.RT", "ZeroconfTest.RT\ZeroconfTest.RT.csproj", "{98FDD85C-97C5-4C49-9CFD-E17498F194DB}"
EndProject
Project("{2150E333-8FDC-42A3-9474-1A3956D46DE8}") = ".nuget", ".nuget", "{A8E1DD88-2E2C-4B7E-98C0-0428CD06697C}"
	ProjectSection(SolutionItems) = preProject
		.nuget\NuGet.Config = .nuget\NuGet.Config
		.nuget\NuGet.exe = .nuget\NuGet.exe
	EndProjectSection
EndProject
Project("{FAE04EC0-301F-11D3-BF4B-00C04F79EFBC}") = "Zeroconf.WP", "Zeroconf.WP\Zeroconf.WP.csproj", "{71071865-9DCE-472E-A8B3-D9D44C5CF23F}"
EndProject
Project("{FAE04EC0-301F-11D3-BF4B-00C04F79EFBC}") = "ZeroconfTest.WP", "ZeroconfTest.WP\ZeroconfTest.WP.csproj", "{659B4C97-FDF2-4311-ACE8-14504036C4D6}"
EndProject
Project("{FAE04EC0-301F-11D3-BF4B-00C04F79EFBC}") = "Zeroconf.NetFx", "Zeroconf.NetFx\Zeroconf.NetFx.csproj", "{23079F74-51A5-4441-AF92-559780095AA4}"
EndProject
Project("{FAE04EC0-301F-11D3-BF4B-00C04F79EFBC}") = "ZeroconfTest.NetFx", "ZeroconfTest.NetFx\ZeroconfTest.NetFx.csproj", "{E1424569-4A10-4164-A99B-A3EBC7AFD469}"
EndProject
Global
	GlobalSection(SolutionConfigurationPlatforms) = preSolution
		Debug|Any CPU = Debug|Any CPU
		Debug|ARM = Debug|ARM
		Debug|x64 = Debug|x64
		Debug|x86 = Debug|x86
		Release|Any CPU = Release|Any CPU
		Release|ARM = Release|ARM
		Release|x64 = Release|x64
		Release|x86 = Release|x86
	EndGlobalSection
	GlobalSection(ProjectConfigurationPlatforms) = postSolution
		{B3534F12-4701-4193-83EE-FAD2C4F9A629}.Debug|Any CPU.ActiveCfg = Debug|Any CPU
		{B3534F12-4701-4193-83EE-FAD2C4F9A629}.Debug|Any CPU.Build.0 = Debug|Any CPU
		{B3534F12-4701-4193-83EE-FAD2C4F9A629}.Debug|ARM.ActiveCfg = Debug|ARM
		{B3534F12-4701-4193-83EE-FAD2C4F9A629}.Debug|ARM.Build.0 = Debug|ARM
		{B3534F12-4701-4193-83EE-FAD2C4F9A629}.Debug|x64.ActiveCfg = Debug|x64
		{B3534F12-4701-4193-83EE-FAD2C4F9A629}.Debug|x64.Build.0 = Debug|x64
		{B3534F12-4701-4193-83EE-FAD2C4F9A629}.Debug|x86.ActiveCfg = Debug|x86
		{B3534F12-4701-4193-83EE-FAD2C4F9A629}.Debug|x86.Build.0 = Debug|x86
		{B3534F12-4701-4193-83EE-FAD2C4F9A629}.Release|Any CPU.ActiveCfg = Release|Any CPU
		{B3534F12-4701-4193-83EE-FAD2C4F9A629}.Release|Any CPU.Build.0 = Release|Any CPU
		{B3534F12-4701-4193-83EE-FAD2C4F9A629}.Release|ARM.ActiveCfg = Release|ARM
		{B3534F12-4701-4193-83EE-FAD2C4F9A629}.Release|ARM.Build.0 = Release|ARM
		{B3534F12-4701-4193-83EE-FAD2C4F9A629}.Release|x64.ActiveCfg = Release|x64
		{B3534F12-4701-4193-83EE-FAD2C4F9A629}.Release|x64.Build.0 = Release|x64
		{B3534F12-4701-4193-83EE-FAD2C4F9A629}.Release|x86.ActiveCfg = Release|x86
		{B3534F12-4701-4193-83EE-FAD2C4F9A629}.Release|x86.Build.0 = Release|x86
		{98FDD85C-97C5-4C49-9CFD-E17498F194DB}.Debug|Any CPU.ActiveCfg = Debug|Any CPU
		{98FDD85C-97C5-4C49-9CFD-E17498F194DB}.Debug|Any CPU.Build.0 = Debug|Any CPU
		{98FDD85C-97C5-4C49-9CFD-E17498F194DB}.Debug|Any CPU.Deploy.0 = Debug|Any CPU
		{98FDD85C-97C5-4C49-9CFD-E17498F194DB}.Debug|ARM.ActiveCfg = Debug|ARM
		{98FDD85C-97C5-4C49-9CFD-E17498F194DB}.Debug|ARM.Build.0 = Debug|ARM
		{98FDD85C-97C5-4C49-9CFD-E17498F194DB}.Debug|ARM.Deploy.0 = Debug|ARM
		{98FDD85C-97C5-4C49-9CFD-E17498F194DB}.Debug|x64.ActiveCfg = Debug|x64
		{98FDD85C-97C5-4C49-9CFD-E17498F194DB}.Debug|x64.Build.0 = Debug|x64
		{98FDD85C-97C5-4C49-9CFD-E17498F194DB}.Debug|x64.Deploy.0 = Debug|x64
		{98FDD85C-97C5-4C49-9CFD-E17498F194DB}.Debug|x86.ActiveCfg = Debug|x86
		{98FDD85C-97C5-4C49-9CFD-E17498F194DB}.Debug|x86.Build.0 = Debug|x86
		{98FDD85C-97C5-4C49-9CFD-E17498F194DB}.Debug|x86.Deploy.0 = Debug|x86
		{98FDD85C-97C5-4C49-9CFD-E17498F194DB}.Release|Any CPU.ActiveCfg = Release|Any CPU
		{98FDD85C-97C5-4C49-9CFD-E17498F194DB}.Release|Any CPU.Build.0 = Release|Any CPU
		{98FDD85C-97C5-4C49-9CFD-E17498F194DB}.Release|Any CPU.Deploy.0 = Release|Any CPU
		{98FDD85C-97C5-4C49-9CFD-E17498F194DB}.Release|ARM.ActiveCfg = Release|ARM
		{98FDD85C-97C5-4C49-9CFD-E17498F194DB}.Release|ARM.Build.0 = Release|ARM
		{98FDD85C-97C5-4C49-9CFD-E17498F194DB}.Release|ARM.Deploy.0 = Release|ARM
		{98FDD85C-97C5-4C49-9CFD-E17498F194DB}.Release|x64.ActiveCfg = Release|x64
		{98FDD85C-97C5-4C49-9CFD-E17498F194DB}.Release|x64.Build.0 = Release|x64
		{98FDD85C-97C5-4C49-9CFD-E17498F194DB}.Release|x64.Deploy.0 = Release|x64
		{98FDD85C-97C5-4C49-9CFD-E17498F194DB}.Release|x86.ActiveCfg = Release|x86
		{98FDD85C-97C5-4C49-9CFD-E17498F194DB}.Release|x86.Build.0 = Release|x86
		{98FDD85C-97C5-4C49-9CFD-E17498F194DB}.Release|x86.Deploy.0 = Release|x86
		{71071865-9DCE-472E-A8B3-D9D44C5CF23F}.Debug|Any CPU.ActiveCfg = Debug|Any CPU
		{71071865-9DCE-472E-A8B3-D9D44C5CF23F}.Debug|Any CPU.Build.0 = Debug|Any CPU
		{71071865-9DCE-472E-A8B3-D9D44C5CF23F}.Debug|ARM.ActiveCfg = Debug|ARM
		{71071865-9DCE-472E-A8B3-D9D44C5CF23F}.Debug|ARM.Build.0 = Debug|ARM
		{71071865-9DCE-472E-A8B3-D9D44C5CF23F}.Debug|x64.ActiveCfg = Debug|Any CPU
		{71071865-9DCE-472E-A8B3-D9D44C5CF23F}.Debug|x86.ActiveCfg = Debug|x86
		{71071865-9DCE-472E-A8B3-D9D44C5CF23F}.Debug|x86.Build.0 = Debug|x86
		{71071865-9DCE-472E-A8B3-D9D44C5CF23F}.Release|Any CPU.ActiveCfg = Release|Any CPU
		{71071865-9DCE-472E-A8B3-D9D44C5CF23F}.Release|Any CPU.Build.0 = Release|Any CPU
		{71071865-9DCE-472E-A8B3-D9D44C5CF23F}.Release|ARM.ActiveCfg = Release|ARM
		{71071865-9DCE-472E-A8B3-D9D44C5CF23F}.Release|ARM.Build.0 = Release|ARM
		{71071865-9DCE-472E-A8B3-D9D44C5CF23F}.Release|x64.ActiveCfg = Release|Any CPU
		{71071865-9DCE-472E-A8B3-D9D44C5CF23F}.Release|x86.ActiveCfg = Release|x86
		{71071865-9DCE-472E-A8B3-D9D44C5CF23F}.Release|x86.Build.0 = Release|x86
		{659B4C97-FDF2-4311-ACE8-14504036C4D6}.Debug|Any CPU.ActiveCfg = Debug|Any CPU
		{659B4C97-FDF2-4311-ACE8-14504036C4D6}.Debug|Any CPU.Build.0 = Debug|Any CPU
		{659B4C97-FDF2-4311-ACE8-14504036C4D6}.Debug|Any CPU.Deploy.0 = Debug|Any CPU
		{659B4C97-FDF2-4311-ACE8-14504036C4D6}.Debug|ARM.ActiveCfg = Debug|ARM
		{659B4C97-FDF2-4311-ACE8-14504036C4D6}.Debug|ARM.Build.0 = Debug|ARM
		{659B4C97-FDF2-4311-ACE8-14504036C4D6}.Debug|ARM.Deploy.0 = Debug|ARM
		{659B4C97-FDF2-4311-ACE8-14504036C4D6}.Debug|x64.ActiveCfg = Debug|Any CPU
		{659B4C97-FDF2-4311-ACE8-14504036C4D6}.Debug|x86.ActiveCfg = Debug|x86
		{659B4C97-FDF2-4311-ACE8-14504036C4D6}.Debug|x86.Build.0 = Debug|x86
		{659B4C97-FDF2-4311-ACE8-14504036C4D6}.Debug|x86.Deploy.0 = Debug|x86
		{659B4C97-FDF2-4311-ACE8-14504036C4D6}.Release|Any CPU.ActiveCfg = Release|Any CPU
		{659B4C97-FDF2-4311-ACE8-14504036C4D6}.Release|Any CPU.Build.0 = Release|Any CPU
		{659B4C97-FDF2-4311-ACE8-14504036C4D6}.Release|Any CPU.Deploy.0 = Release|Any CPU
		{659B4C97-FDF2-4311-ACE8-14504036C4D6}.Release|ARM.ActiveCfg = Release|ARM
		{659B4C97-FDF2-4311-ACE8-14504036C4D6}.Release|ARM.Build.0 = Release|ARM
		{659B4C97-FDF2-4311-ACE8-14504036C4D6}.Release|ARM.Deploy.0 = Release|ARM
		{659B4C97-FDF2-4311-ACE8-14504036C4D6}.Release|x64.ActiveCfg = Release|Any CPU
		{659B4C97-FDF2-4311-ACE8-14504036C4D6}.Release|x86.ActiveCfg = Release|x86
		{659B4C97-FDF2-4311-ACE8-14504036C4D6}.Release|x86.Build.0 = Release|x86
		{659B4C97-FDF2-4311-ACE8-14504036C4D6}.Release|x86.Deploy.0 = Release|x86
		{23079F74-51A5-4441-AF92-559780095AA4}.Debug|Any CPU.ActiveCfg = Debug|Any CPU
		{23079F74-51A5-4441-AF92-559780095AA4}.Debug|Any CPU.Build.0 = Debug|Any CPU
		{23079F74-51A5-4441-AF92-559780095AA4}.Debug|ARM.ActiveCfg = Debug|Any CPU
		{23079F74-51A5-4441-AF92-559780095AA4}.Debug|x64.ActiveCfg = Debug|Any CPU
		{23079F74-51A5-4441-AF92-559780095AA4}.Debug|x86.ActiveCfg = Debug|Any CPU
		{23079F74-51A5-4441-AF92-559780095AA4}.Release|Any CPU.ActiveCfg = Release|Any CPU
		{23079F74-51A5-4441-AF92-559780095AA4}.Release|Any CPU.Build.0 = Release|Any CPU
		{23079F74-51A5-4441-AF92-559780095AA4}.Release|ARM.ActiveCfg = Release|Any CPU
		{23079F74-51A5-4441-AF92-559780095AA4}.Release|x64.ActiveCfg = Release|Any CPU
		{23079F74-51A5-4441-AF92-559780095AA4}.Release|x86.ActiveCfg = Release|Any CPU
		{E1424569-4A10-4164-A99B-A3EBC7AFD469}.Debug|Any CPU.ActiveCfg = Debug|Any CPU
		{E1424569-4A10-4164-A99B-A3EBC7AFD469}.Debug|Any CPU.Build.0 = Debug|Any CPU
		{E1424569-4A10-4164-A99B-A3EBC7AFD469}.Debug|ARM.ActiveCfg = Debug|Any CPU
		{E1424569-4A10-4164-A99B-A3EBC7AFD469}.Debug|x64.ActiveCfg = Debug|Any CPU
		{E1424569-4A10-4164-A99B-A3EBC7AFD469}.Debug|x86.ActiveCfg = Debug|Any CPU
		{E1424569-4A10-4164-A99B-A3EBC7AFD469}.Release|Any CPU.ActiveCfg = Release|Any CPU
		{E1424569-4A10-4164-A99B-A3EBC7AFD469}.Release|Any CPU.Build.0 = Release|Any CPU
		{E1424569-4A10-4164-A99B-A3EBC7AFD469}.Release|ARM.ActiveCfg = Release|Any CPU
		{E1424569-4A10-4164-A99B-A3EBC7AFD469}.Release|x64.ActiveCfg = Release|Any CPU
		{E1424569-4A10-4164-A99B-A3EBC7AFD469}.Release|x86.ActiveCfg = Release|Any CPU
	EndGlobalSection
	GlobalSection(SolutionProperties) = preSolution
		HideSolutionNode = FALSE
	EndGlobalSection
EndGlobal
